
Microsoft Visual Studio Solution File, Format Version 12.00
# Visual Studio Version 16
VisualStudioVersion = 16.0.31613.86
MinimumVisualStudioVersion = 10.0.40219.1
Project("{2150E333-8FDC-42A3-9474-1A3956D46DE8}") = "Libraries", "Libraries", "{0B876468-F449-47FF-91DA-28A9EA053FBE}"
EndProject
Project("{FAE04EC0-301F-11D3-BF4B-00C04F79EFBC}") = "Xamarin.Forms.GoogleMaps.Android.Utils", "..\src\Xamarin.Forms.GoogleMaps.Android.Utils\Xamarin.Forms.GoogleMaps.Android.Utils.csproj", "{F38A2B58-0051-4E72-ADF9-9305AD4274A8}"
EndProject
Project("{9A19103F-16F7-4668-BE54-9A1E7A4F7556}") = "Xamarin.Forms.GoogleMaps.Clustering", "..\src\Xamarin.Forms.GoogleMaps.Clustering\Xamarin.Forms.GoogleMaps.Clustering.csproj", "{3EBD76CA-8703-49A3-9A0D-6827EF43BC73}"
EndProject
Project("{FAE04EC0-301F-11D3-BF4B-00C04F79EFBC}") = "Xamarin.Forms.GoogleMaps.Clustering.Android", "..\src\Xamarin.Forms.GoogleMaps.Clustering.Android\Xamarin.Forms.GoogleMaps.Clustering.Android.csproj", "{AAA2A1F0-B96F-40C8-B4FE-F42149E848B5}"
EndProject
Project("{FAE04EC0-301F-11D3-BF4B-00C04F79EFBC}") = "Xamarin.Forms.GoogleMaps.Clustering.iOS", "..\src\Xamarin.Forms.GoogleMaps.Clustering.iOS\Xamarin.Forms.GoogleMaps.Clustering.iOS.csproj", "{C599D787-23AD-4CF1-A47F-27E889318199}"
EndProject
Project("{9A19103F-16F7-4668-BE54-9A1E7A4F7556}") = "Xamarin.Forms.v5.Sample", "..\Sample.Forms.v5\Sample\Xamarin.Forms.v5.Sample.csproj", "{73881260-F37C-42BE-AC45-8EA48D2F99FF}"
EndProject
Project("{FAE04EC0-301F-11D3-BF4B-00C04F79EFBC}") = "Xamarin.Forms.v5.Sample.Android", "..\Sample.Forms.v5\Android\Xamarin.Forms.v5.Sample.Android.csproj", "{91F3B4CB-4187-4680-B494-D17E046AE73C}"
EndProject
Project("{FAE04EC0-301F-11D3-BF4B-00C04F79EFBC}") = "Xamarin.Forms.v5.Sample.iOS", "..\Sample.Forms.v5\iOS\Xamarin.Forms.v5.Sample.iOS.csproj", "{B30D38E5-4C76-49A0-B470-D36E971CE26E}"
EndProject
Global
	GlobalSection(SolutionConfigurationPlatforms) = preSolution
		Debug_Android|Any CPU = Debug_Android|Any CPU
		Debug_Android|ARM = Debug_Android|ARM
		Debug_Android|iPhone = Debug_Android|iPhone
		Debug_Android|iPhoneSimulator = Debug_Android|iPhoneSimulator
		Debug_Android|x64 = Debug_Android|x64
		Debug_Android|x86 = Debug_Android|x86
		Debug|Any CPU = Debug|Any CPU
		Debug|ARM = Debug|ARM
		Debug|iPhone = Debug|iPhone
		Debug|iPhoneSimulator = Debug|iPhoneSimulator
		Debug|x64 = Debug|x64
		Debug|x86 = Debug|x86
		Release_Android|Any CPU = Release_Android|Any CPU
		Release_Android|ARM = Release_Android|ARM
		Release_Android|iPhone = Release_Android|iPhone
		Release_Android|iPhoneSimulator = Release_Android|iPhoneSimulator
		Release_Android|x64 = Release_Android|x64
		Release_Android|x86 = Release_Android|x86
		Release|Any CPU = Release|Any CPU
		Release|ARM = Release|ARM
		Release|iPhone = Release|iPhone
		Release|iPhoneSimulator = Release|iPhoneSimulator
		Release|x64 = Release|x64
		Release|x86 = Release|x86
	EndGlobalSection
	GlobalSection(ProjectConfigurationPlatforms) = postSolution
		{F38A2B58-0051-4E72-ADF9-9305AD4274A8}.Debug_Android|Any CPU.ActiveCfg = Debug|Any CPU
		{F38A2B58-0051-4E72-ADF9-9305AD4274A8}.Debug_Android|Any CPU.Build.0 = Debug|Any CPU
		{F38A2B58-0051-4E72-ADF9-9305AD4274A8}.Debug_Android|ARM.ActiveCfg = Debug|Any CPU
		{F38A2B58-0051-4E72-ADF9-9305AD4274A8}.Debug_Android|ARM.Build.0 = Debug|Any CPU
		{F38A2B58-0051-4E72-ADF9-9305AD4274A8}.Debug_Android|iPhone.ActiveCfg = Debug|Any CPU
		{F38A2B58-0051-4E72-ADF9-9305AD4274A8}.Debug_Android|iPhone.Build.0 = Debug|Any CPU
		{F38A2B58-0051-4E72-ADF9-9305AD4274A8}.Debug_Android|iPhoneSimulator.ActiveCfg = Debug|Any CPU
		{F38A2B58-0051-4E72-ADF9-9305AD4274A8}.Debug_Android|iPhoneSimulator.Build.0 = Debug|Any CPU
		{F38A2B58-0051-4E72-ADF9-9305AD4274A8}.Debug_Android|x64.ActiveCfg = Debug|Any CPU
		{F38A2B58-0051-4E72-ADF9-9305AD4274A8}.Debug_Android|x64.Build.0 = Debug|Any CPU
		{F38A2B58-0051-4E72-ADF9-9305AD4274A8}.Debug_Android|x86.ActiveCfg = Debug|Any CPU
		{F38A2B58-0051-4E72-ADF9-9305AD4274A8}.Debug_Android|x86.Build.0 = Debug|Any CPU
		{F38A2B58-0051-4E72-ADF9-9305AD4274A8}.Debug|Any CPU.ActiveCfg = Debug|Any CPU
		{F38A2B58-0051-4E72-ADF9-9305AD4274A8}.Debug|Any CPU.Build.0 = Debug|Any CPU
		{F38A2B58-0051-4E72-ADF9-9305AD4274A8}.Debug|ARM.ActiveCfg = Debug|Any CPU
		{F38A2B58-0051-4E72-ADF9-9305AD4274A8}.Debug|ARM.Build.0 = Debug|Any CPU
		{F38A2B58-0051-4E72-ADF9-9305AD4274A8}.Debug|iPhone.ActiveCfg = Debug|Any CPU
		{F38A2B58-0051-4E72-ADF9-9305AD4274A8}.Debug|iPhone.Build.0 = Debug|Any CPU
		{F38A2B58-0051-4E72-ADF9-9305AD4274A8}.Debug|iPhoneSimulator.ActiveCfg = Debug|Any CPU
		{F38A2B58-0051-4E72-ADF9-9305AD4274A8}.Debug|iPhoneSimulator.Build.0 = Debug|Any CPU
		{F38A2B58-0051-4E72-ADF9-9305AD4274A8}.Debug|x64.ActiveCfg = Debug|Any CPU
		{F38A2B58-0051-4E72-ADF9-9305AD4274A8}.Debug|x64.Build.0 = Debug|Any CPU
		{F38A2B58-0051-4E72-ADF9-9305AD4274A8}.Debug|x86.ActiveCfg = Debug|Any CPU
		{F38A2B58-0051-4E72-ADF9-9305AD4274A8}.Debug|x86.Build.0 = Debug|Any CPU
		{F38A2B58-0051-4E72-ADF9-9305AD4274A8}.Release_Android|Any CPU.ActiveCfg = Debug|Any CPU
		{F38A2B58-0051-4E72-ADF9-9305AD4274A8}.Release_Android|Any CPU.Build.0 = Debug|Any CPU
		{F38A2B58-0051-4E72-ADF9-9305AD4274A8}.Release_Android|ARM.ActiveCfg = Release|Any CPU
		{F38A2B58-0051-4E72-ADF9-9305AD4274A8}.Release_Android|ARM.Build.0 = Release|Any CPU
		{F38A2B58-0051-4E72-ADF9-9305AD4274A8}.Release_Android|iPhone.ActiveCfg = Release|Any CPU
		{F38A2B58-0051-4E72-ADF9-9305AD4274A8}.Release_Android|iPhone.Build.0 = Release|Any CPU
		{F38A2B58-0051-4E72-ADF9-9305AD4274A8}.Release_Android|iPhoneSimulator.ActiveCfg = Release|Any CPU
		{F38A2B58-0051-4E72-ADF9-9305AD4274A8}.Release_Android|iPhoneSimulator.Build.0 = Release|Any CPU
		{F38A2B58-0051-4E72-ADF9-9305AD4274A8}.Release_Android|x64.ActiveCfg = Release|Any CPU
		{F38A2B58-0051-4E72-ADF9-9305AD4274A8}.Release_Android|x64.Build.0 = Release|Any CPU
		{F38A2B58-0051-4E72-ADF9-9305AD4274A8}.Release_Android|x86.ActiveCfg = Release|Any CPU
		{F38A2B58-0051-4E72-ADF9-9305AD4274A8}.Release_Android|x86.Build.0 = Release|Any CPU
		{F38A2B58-0051-4E72-ADF9-9305AD4274A8}.Release|Any CPU.ActiveCfg = Release|Any CPU
		{F38A2B58-0051-4E72-ADF9-9305AD4274A8}.Release|Any CPU.Build.0 = Release|Any CPU
		{F38A2B58-0051-4E72-ADF9-9305AD4274A8}.Release|ARM.ActiveCfg = Release|Any CPU
		{F38A2B58-0051-4E72-ADF9-9305AD4274A8}.Release|ARM.Build.0 = Release|Any CPU
		{F38A2B58-0051-4E72-ADF9-9305AD4274A8}.Release|iPhone.ActiveCfg = Release|Any CPU
		{F38A2B58-0051-4E72-ADF9-9305AD4274A8}.Release|iPhone.Build.0 = Release|Any CPU
		{F38A2B58-0051-4E72-ADF9-9305AD4274A8}.Release|iPhoneSimulator.ActiveCfg = Release|Any CPU
		{F38A2B58-0051-4E72-ADF9-9305AD4274A8}.Release|iPhoneSimulator.Build.0 = Release|Any CPU
		{F38A2B58-0051-4E72-ADF9-9305AD4274A8}.Release|x64.ActiveCfg = Release|Any CPU
		{F38A2B58-0051-4E72-ADF9-9305AD4274A8}.Release|x64.Build.0 = Release|Any CPU
		{F38A2B58-0051-4E72-ADF9-9305AD4274A8}.Release|x86.ActiveCfg = Release|Any CPU
		{F38A2B58-0051-4E72-ADF9-9305AD4274A8}.Release|x86.Build.0 = Release|Any CPU
		{3EBD76CA-8703-49A3-9A0D-6827EF43BC73}.Debug_Android|Any CPU.ActiveCfg = Debug|Any CPU
		{3EBD76CA-8703-49A3-9A0D-6827EF43BC73}.Debug_Android|Any CPU.Build.0 = Debug|Any CPU
		{3EBD76CA-8703-49A3-9A0D-6827EF43BC73}.Debug_Android|ARM.ActiveCfg = Debug|Any CPU
		{3EBD76CA-8703-49A3-9A0D-6827EF43BC73}.Debug_Android|ARM.Build.0 = Debug|Any CPU
		{3EBD76CA-8703-49A3-9A0D-6827EF43BC73}.Debug_Android|iPhone.ActiveCfg = Debug|Any CPU
		{3EBD76CA-8703-49A3-9A0D-6827EF43BC73}.Debug_Android|iPhone.Build.0 = Debug|Any CPU
		{3EBD76CA-8703-49A3-9A0D-6827EF43BC73}.Debug_Android|iPhoneSimulator.ActiveCfg = Debug|Any CPU
		{3EBD76CA-8703-49A3-9A0D-6827EF43BC73}.Debug_Android|iPhoneSimulator.Build.0 = Debug|Any CPU
		{3EBD76CA-8703-49A3-9A0D-6827EF43BC73}.Debug_Android|x64.ActiveCfg = Debug|Any CPU
		{3EBD76CA-8703-49A3-9A0D-6827EF43BC73}.Debug_Android|x64.Build.0 = Debug|Any CPU
		{3EBD76CA-8703-49A3-9A0D-6827EF43BC73}.Debug_Android|x86.ActiveCfg = Debug|Any CPU
		{3EBD76CA-8703-49A3-9A0D-6827EF43BC73}.Debug_Android|x86.Build.0 = Debug|Any CPU
		{3EBD76CA-8703-49A3-9A0D-6827EF43BC73}.Debug|Any CPU.ActiveCfg = Debug|Any CPU
		{3EBD76CA-8703-49A3-9A0D-6827EF43BC73}.Debug|Any CPU.Build.0 = Debug|Any CPU
		{3EBD76CA-8703-49A3-9A0D-6827EF43BC73}.Debug|ARM.ActiveCfg = Debug|Any CPU
		{3EBD76CA-8703-49A3-9A0D-6827EF43BC73}.Debug|ARM.Build.0 = Debug|Any CPU
		{3EBD76CA-8703-49A3-9A0D-6827EF43BC73}.Debug|iPhone.ActiveCfg = Debug|Any CPU
		{3EBD76CA-8703-49A3-9A0D-6827EF43BC73}.Debug|iPhone.Build.0 = Debug|Any CPU
		{3EBD76CA-8703-49A3-9A0D-6827EF43BC73}.Debug|iPhoneSimulator.ActiveCfg = Debug|Any CPU
		{3EBD76CA-8703-49A3-9A0D-6827EF43BC73}.Debug|iPhoneSimulator.Build.0 = Debug|Any CPU
		{3EBD76CA-8703-49A3-9A0D-6827EF43BC73}.Debug|x64.ActiveCfg = Debug|Any CPU
		{3EBD76CA-8703-49A3-9A0D-6827EF43BC73}.Debug|x64.Build.0 = Debug|Any CPU
		{3EBD76CA-8703-49A3-9A0D-6827EF43BC73}.Debug|x86.ActiveCfg = Debug|Any CPU
		{3EBD76CA-8703-49A3-9A0D-6827EF43BC73}.Debug|x86.Build.0 = Debug|Any CPU
		{3EBD76CA-8703-49A3-9A0D-6827EF43BC73}.Release_Android|Any CPU.ActiveCfg = Debug|Any CPU
		{3EBD76CA-8703-49A3-9A0D-6827EF43BC73}.Release_Android|Any CPU.Build.0 = Debug|Any CPU
		{3EBD76CA-8703-49A3-9A0D-6827EF43BC73}.Release_Android|ARM.ActiveCfg = Release|Any CPU
		{3EBD76CA-8703-49A3-9A0D-6827EF43BC73}.Release_Android|ARM.Build.0 = Release|Any CPU
		{3EBD76CA-8703-49A3-9A0D-6827EF43BC73}.Release_Android|iPhone.ActiveCfg = Release|Any CPU
		{3EBD76CA-8703-49A3-9A0D-6827EF43BC73}.Release_Android|iPhone.Build.0 = Release|Any CPU
		{3EBD76CA-8703-49A3-9A0D-6827EF43BC73}.Release_Android|iPhoneSimulator.ActiveCfg = Release|Any CPU
		{3EBD76CA-8703-49A3-9A0D-6827EF43BC73}.Release_Android|iPhoneSimulator.Build.0 = Release|Any CPU
		{3EBD76CA-8703-49A3-9A0D-6827EF43BC73}.Release_Android|x64.ActiveCfg = Release|Any CPU
		{3EBD76CA-8703-49A3-9A0D-6827EF43BC73}.Release_Android|x64.Build.0 = Release|Any CPU
		{3EBD76CA-8703-49A3-9A0D-6827EF43BC73}.Release_Android|x86.ActiveCfg = Release|Any CPU
		{3EBD76CA-8703-49A3-9A0D-6827EF43BC73}.Release_Android|x86.Build.0 = Release|Any CPU
		{3EBD76CA-8703-49A3-9A0D-6827EF43BC73}.Release|Any CPU.ActiveCfg = Release|Any CPU
		{3EBD76CA-8703-49A3-9A0D-6827EF43BC73}.Release|Any CPU.Build.0 = Release|Any CPU
		{3EBD76CA-8703-49A3-9A0D-6827EF43BC73}.Release|ARM.ActiveCfg = Release|Any CPU
		{3EBD76CA-8703-49A3-9A0D-6827EF43BC73}.Release|ARM.Build.0 = Release|Any CPU
		{3EBD76CA-8703-49A3-9A0D-6827EF43BC73}.Release|iPhone.ActiveCfg = Release|Any CPU
		{3EBD76CA-8703-49A3-9A0D-6827EF43BC73}.Release|iPhone.Build.0 = Release|Any CPU
		{3EBD76CA-8703-49A3-9A0D-6827EF43BC73}.Release|iPhoneSimulator.ActiveCfg = Release|Any CPU
		{3EBD76CA-8703-49A3-9A0D-6827EF43BC73}.Release|iPhoneSimulator.Build.0 = Release|Any CPU
		{3EBD76CA-8703-49A3-9A0D-6827EF43BC73}.Release|x64.ActiveCfg = Release|Any CPU
		{3EBD76CA-8703-49A3-9A0D-6827EF43BC73}.Release|x64.Build.0 = Release|Any CPU
		{3EBD76CA-8703-49A3-9A0D-6827EF43BC73}.Release|x86.ActiveCfg = Release|Any CPU
		{3EBD76CA-8703-49A3-9A0D-6827EF43BC73}.Release|x86.Build.0 = Release|Any CPU
		{AAA2A1F0-B96F-40C8-B4FE-F42149E848B5}.Debug_Android|Any CPU.ActiveCfg = Debug|Any CPU
		{AAA2A1F0-B96F-40C8-B4FE-F42149E848B5}.Debug_Android|Any CPU.Build.0 = Debug|Any CPU
		{AAA2A1F0-B96F-40C8-B4FE-F42149E848B5}.Debug_Android|ARM.ActiveCfg = Debug|Any CPU
		{AAA2A1F0-B96F-40C8-B4FE-F42149E848B5}.Debug_Android|ARM.Build.0 = Debug|Any CPU
		{AAA2A1F0-B96F-40C8-B4FE-F42149E848B5}.Debug_Android|iPhone.ActiveCfg = Debug|Any CPU
		{AAA2A1F0-B96F-40C8-B4FE-F42149E848B5}.Debug_Android|iPhone.Build.0 = Debug|Any CPU
		{AAA2A1F0-B96F-40C8-B4FE-F42149E848B5}.Debug_Android|iPhoneSimulator.ActiveCfg = Debug|Any CPU
		{AAA2A1F0-B96F-40C8-B4FE-F42149E848B5}.Debug_Android|iPhoneSimulator.Build.0 = Debug|Any CPU
		{AAA2A1F0-B96F-40C8-B4FE-F42149E848B5}.Debug_Android|x64.ActiveCfg = Debug|Any CPU
		{AAA2A1F0-B96F-40C8-B4FE-F42149E848B5}.Debug_Android|x64.Build.0 = Debug|Any CPU
		{AAA2A1F0-B96F-40C8-B4FE-F42149E848B5}.Debug_Android|x86.ActiveCfg = Debug|Any CPU
		{AAA2A1F0-B96F-40C8-B4FE-F42149E848B5}.Debug_Android|x86.Build.0 = Debug|Any CPU
		{AAA2A1F0-B96F-40C8-B4FE-F42149E848B5}.Debug|Any CPU.ActiveCfg = Debug|Any CPU
		{AAA2A1F0-B96F-40C8-B4FE-F42149E848B5}.Debug|Any CPU.Build.0 = Debug|Any CPU
		{AAA2A1F0-B96F-40C8-B4FE-F42149E848B5}.Debug|ARM.ActiveCfg = Debug|Any CPU
		{AAA2A1F0-B96F-40C8-B4FE-F42149E848B5}.Debug|ARM.Build.0 = Debug|Any CPU
		{AAA2A1F0-B96F-40C8-B4FE-F42149E848B5}.Debug|iPhone.ActiveCfg = Debug|Any CPU
		{AAA2A1F0-B96F-40C8-B4FE-F42149E848B5}.Debug|iPhone.Build.0 = Debug|Any CPU
		{AAA2A1F0-B96F-40C8-B4FE-F42149E848B5}.Debug|iPhoneSimulator.ActiveCfg = Debug|Any CPU
		{AAA2A1F0-B96F-40C8-B4FE-F42149E848B5}.Debug|iPhoneSimulator.Build.0 = Debug|Any CPU
		{AAA2A1F0-B96F-40C8-B4FE-F42149E848B5}.Debug|x64.ActiveCfg = Debug|Any CPU
		{AAA2A1F0-B96F-40C8-B4FE-F42149E848B5}.Debug|x64.Build.0 = Debug|Any CPU
		{AAA2A1F0-B96F-40C8-B4FE-F42149E848B5}.Debug|x86.ActiveCfg = Debug|Any CPU
		{AAA2A1F0-B96F-40C8-B4FE-F42149E848B5}.Debug|x86.Build.0 = Debug|Any CPU
		{AAA2A1F0-B96F-40C8-B4FE-F42149E848B5}.Release_Android|Any CPU.ActiveCfg = Debug|Any CPU
		{AAA2A1F0-B96F-40C8-B4FE-F42149E848B5}.Release_Android|Any CPU.Build.0 = Debug|Any CPU
		{AAA2A1F0-B96F-40C8-B4FE-F42149E848B5}.Release_Android|ARM.ActiveCfg = Release|Any CPU
		{AAA2A1F0-B96F-40C8-B4FE-F42149E848B5}.Release_Android|ARM.Build.0 = Release|Any CPU
		{AAA2A1F0-B96F-40C8-B4FE-F42149E848B5}.Release_Android|iPhone.ActiveCfg = Release|Any CPU
		{AAA2A1F0-B96F-40C8-B4FE-F42149E848B5}.Release_Android|iPhone.Build.0 = Release|Any CPU
		{AAA2A1F0-B96F-40C8-B4FE-F42149E848B5}.Release_Android|iPhoneSimulator.ActiveCfg = Release|Any CPU
		{AAA2A1F0-B96F-40C8-B4FE-F42149E848B5}.Release_Android|iPhoneSimulator.Build.0 = Release|Any CPU
		{AAA2A1F0-B96F-40C8-B4FE-F42149E848B5}.Release_Android|x64.ActiveCfg = Release|Any CPU
		{AAA2A1F0-B96F-40C8-B4FE-F42149E848B5}.Release_Android|x64.Build.0 = Release|Any CPU
		{AAA2A1F0-B96F-40C8-B4FE-F42149E848B5}.Release_Android|x86.ActiveCfg = Release|Any CPU
		{AAA2A1F0-B96F-40C8-B4FE-F42149E848B5}.Release_Android|x86.Build.0 = Release|Any CPU
		{AAA2A1F0-B96F-40C8-B4FE-F42149E848B5}.Release|Any CPU.ActiveCfg = Release|Any CPU
		{AAA2A1F0-B96F-40C8-B4FE-F42149E848B5}.Release|Any CPU.Build.0 = Release|Any CPU
		{AAA2A1F0-B96F-40C8-B4FE-F42149E848B5}.Release|ARM.ActiveCfg = Release|Any CPU
		{AAA2A1F0-B96F-40C8-B4FE-F42149E848B5}.Release|ARM.Build.0 = Release|Any CPU
		{AAA2A1F0-B96F-40C8-B4FE-F42149E848B5}.Release|iPhone.ActiveCfg = Release|Any CPU
		{AAA2A1F0-B96F-40C8-B4FE-F42149E848B5}.Release|iPhone.Build.0 = Release|Any CPU
		{AAA2A1F0-B96F-40C8-B4FE-F42149E848B5}.Release|iPhoneSimulator.ActiveCfg = Release|Any CPU
		{AAA2A1F0-B96F-40C8-B4FE-F42149E848B5}.Release|iPhoneSimulator.Build.0 = Release|Any CPU
		{AAA2A1F0-B96F-40C8-B4FE-F42149E848B5}.Release|x64.ActiveCfg = Release|Any CPU
		{AAA2A1F0-B96F-40C8-B4FE-F42149E848B5}.Release|x64.Build.0 = Release|Any CPU
		{AAA2A1F0-B96F-40C8-B4FE-F42149E848B5}.Release|x86.ActiveCfg = Release|Any CPU
		{AAA2A1F0-B96F-40C8-B4FE-F42149E848B5}.Release|x86.Build.0 = Release|Any CPU
		{C599D787-23AD-4CF1-A47F-27E889318199}.Debug_Android|Any CPU.ActiveCfg = Debug|Any CPU
		{C599D787-23AD-4CF1-A47F-27E889318199}.Debug_Android|Any CPU.Build.0 = Debug|Any CPU
		{C599D787-23AD-4CF1-A47F-27E889318199}.Debug_Android|ARM.ActiveCfg = Debug|Any CPU
		{C599D787-23AD-4CF1-A47F-27E889318199}.Debug_Android|ARM.Build.0 = Debug|Any CPU
		{C599D787-23AD-4CF1-A47F-27E889318199}.Debug_Android|iPhone.ActiveCfg = Debug|Any CPU
		{C599D787-23AD-4CF1-A47F-27E889318199}.Debug_Android|iPhone.Build.0 = Debug|Any CPU
		{C599D787-23AD-4CF1-A47F-27E889318199}.Debug_Android|iPhoneSimulator.ActiveCfg = Debug|Any CPU
		{C599D787-23AD-4CF1-A47F-27E889318199}.Debug_Android|iPhoneSimulator.Build.0 = Debug|Any CPU
		{C599D787-23AD-4CF1-A47F-27E889318199}.Debug_Android|x64.ActiveCfg = Debug|Any CPU
		{C599D787-23AD-4CF1-A47F-27E889318199}.Debug_Android|x64.Build.0 = Debug|Any CPU
		{C599D787-23AD-4CF1-A47F-27E889318199}.Debug_Android|x86.ActiveCfg = Debug|Any CPU
		{C599D787-23AD-4CF1-A47F-27E889318199}.Debug_Android|x86.Build.0 = Debug|Any CPU
		{C599D787-23AD-4CF1-A47F-27E889318199}.Debug|Any CPU.ActiveCfg = Debug|Any CPU
		{C599D787-23AD-4CF1-A47F-27E889318199}.Debug|Any CPU.Build.0 = Debug|Any CPU
		{C599D787-23AD-4CF1-A47F-27E889318199}.Debug|ARM.ActiveCfg = Debug|Any CPU
		{C599D787-23AD-4CF1-A47F-27E889318199}.Debug|ARM.Build.0 = Debug|Any CPU
		{C599D787-23AD-4CF1-A47F-27E889318199}.Debug|iPhone.ActiveCfg = Debug|Any CPU
		{C599D787-23AD-4CF1-A47F-27E889318199}.Debug|iPhone.Build.0 = Debug|Any CPU
		{C599D787-23AD-4CF1-A47F-27E889318199}.Debug|iPhoneSimulator.ActiveCfg = Debug|Any CPU
		{C599D787-23AD-4CF1-A47F-27E889318199}.Debug|iPhoneSimulator.Build.0 = Debug|Any CPU
		{C599D787-23AD-4CF1-A47F-27E889318199}.Debug|x64.ActiveCfg = Debug|Any CPU
		{C599D787-23AD-4CF1-A47F-27E889318199}.Debug|x64.Build.0 = Debug|Any CPU
		{C599D787-23AD-4CF1-A47F-27E889318199}.Debug|x86.ActiveCfg = Debug|Any CPU
		{C599D787-23AD-4CF1-A47F-27E889318199}.Debug|x86.Build.0 = Debug|Any CPU
		{C599D787-23AD-4CF1-A47F-27E889318199}.Release_Android|Any CPU.ActiveCfg = Debug|Any CPU
		{C599D787-23AD-4CF1-A47F-27E889318199}.Release_Android|Any CPU.Build.0 = Debug|Any CPU
		{C599D787-23AD-4CF1-A47F-27E889318199}.Release_Android|ARM.ActiveCfg = Release|Any CPU
		{C599D787-23AD-4CF1-A47F-27E889318199}.Release_Android|ARM.Build.0 = Release|Any CPU
		{C599D787-23AD-4CF1-A47F-27E889318199}.Release_Android|iPhone.ActiveCfg = Release|Any CPU
		{C599D787-23AD-4CF1-A47F-27E889318199}.Release_Android|iPhone.Build.0 = Release|Any CPU
		{C599D787-23AD-4CF1-A47F-27E889318199}.Release_Android|iPhoneSimulator.ActiveCfg = Release|Any CPU
		{C599D787-23AD-4CF1-A47F-27E889318199}.Release_Android|iPhoneSimulator.Build.0 = Release|Any CPU
		{C599D787-23AD-4CF1-A47F-27E889318199}.Release_Android|x64.ActiveCfg = Release|Any CPU
		{C599D787-23AD-4CF1-A47F-27E889318199}.Release_Android|x64.Build.0 = Release|Any CPU
		{C599D787-23AD-4CF1-A47F-27E889318199}.Release_Android|x86.ActiveCfg = Release|Any CPU
		{C599D787-23AD-4CF1-A47F-27E889318199}.Release_Android|x86.Build.0 = Release|Any CPU
		{C599D787-23AD-4CF1-A47F-27E889318199}.Release|Any CPU.ActiveCfg = Release|Any CPU
		{C599D787-23AD-4CF1-A47F-27E889318199}.Release|Any CPU.Build.0 = Release|Any CPU
		{C599D787-23AD-4CF1-A47F-27E889318199}.Release|ARM.ActiveCfg = Release|Any CPU
		{C599D787-23AD-4CF1-A47F-27E889318199}.Release|ARM.Build.0 = Release|Any CPU
		{C599D787-23AD-4CF1-A47F-27E889318199}.Release|iPhone.ActiveCfg = Release|Any CPU
		{C599D787-23AD-4CF1-A47F-27E889318199}.Release|iPhone.Build.0 = Release|Any CPU
		{C599D787-23AD-4CF1-A47F-27E889318199}.Release|iPhoneSimulator.ActiveCfg = Release|Any CPU
		{C599D787-23AD-4CF1-A47F-27E889318199}.Release|iPhoneSimulator.Build.0 = Release|Any CPU
		{C599D787-23AD-4CF1-A47F-27E889318199}.Release|x64.ActiveCfg = Release|Any CPU
		{C599D787-23AD-4CF1-A47F-27E889318199}.Release|x64.Build.0 = Release|Any CPU
		{C599D787-23AD-4CF1-A47F-27E889318199}.Release|x86.ActiveCfg = Release|Any CPU
		{C599D787-23AD-4CF1-A47F-27E889318199}.Release|x86.Build.0 = Release|Any CPU
		{73881260-F37C-42BE-AC45-8EA48D2F99FF}.Debug_Android|Any CPU.ActiveCfg = Debug|Any CPU
		{73881260-F37C-42BE-AC45-8EA48D2F99FF}.Debug_Android|Any CPU.Build.0 = Debug|Any CPU
		{73881260-F37C-42BE-AC45-8EA48D2F99FF}.Debug_Android|ARM.ActiveCfg = Debug|Any CPU
		{73881260-F37C-42BE-AC45-8EA48D2F99FF}.Debug_Android|ARM.Build.0 = Debug|Any CPU
		{73881260-F37C-42BE-AC45-8EA48D2F99FF}.Debug_Android|iPhone.ActiveCfg = Debug|Any CPU
		{73881260-F37C-42BE-AC45-8EA48D2F99FF}.Debug_Android|iPhone.Build.0 = Debug|Any CPU
		{73881260-F37C-42BE-AC45-8EA48D2F99FF}.Debug_Android|iPhoneSimulator.ActiveCfg = Debug|Any CPU
		{73881260-F37C-42BE-AC45-8EA48D2F99FF}.Debug_Android|iPhoneSimulator.Build.0 = Debug|Any CPU
		{73881260-F37C-42BE-AC45-8EA48D2F99FF}.Debug_Android|x64.ActiveCfg = Debug|Any CPU
		{73881260-F37C-42BE-AC45-8EA48D2F99FF}.Debug_Android|x64.Build.0 = Debug|Any CPU
		{73881260-F37C-42BE-AC45-8EA48D2F99FF}.Debug_Android|x86.ActiveCfg = Debug|Any CPU
		{73881260-F37C-42BE-AC45-8EA48D2F99FF}.Debug_Android|x86.Build.0 = Debug|Any CPU
		{73881260-F37C-42BE-AC45-8EA48D2F99FF}.Debug|Any CPU.ActiveCfg = Debug|Any CPU
		{73881260-F37C-42BE-AC45-8EA48D2F99FF}.Debug|Any CPU.Build.0 = Debug|Any CPU
		{73881260-F37C-42BE-AC45-8EA48D2F99FF}.Debug|ARM.ActiveCfg = Debug|Any CPU
		{73881260-F37C-42BE-AC45-8EA48D2F99FF}.Debug|ARM.Build.0 = Debug|Any CPU
		{73881260-F37C-42BE-AC45-8EA48D2F99FF}.Debug|iPhone.ActiveCfg = Debug|Any CPU
		{73881260-F37C-42BE-AC45-8EA48D2F99FF}.Debug|iPhone.Build.0 = Debug|Any CPU
		{73881260-F37C-42BE-AC45-8EA48D2F99FF}.Debug|iPhoneSimulator.ActiveCfg = Debug|Any CPU
		{73881260-F37C-42BE-AC45-8EA48D2F99FF}.Debug|iPhoneSimulator.Build.0 = Debug|Any CPU
		{73881260-F37C-42BE-AC45-8EA48D2F99FF}.Debug|x64.ActiveCfg = Debug|Any CPU
		{73881260-F37C-42BE-AC45-8EA48D2F99FF}.Debug|x64.Build.0 = Debug|Any CPU
		{73881260-F37C-42BE-AC45-8EA48D2F99FF}.Debug|x86.ActiveCfg = Debug|Any CPU
		{73881260-F37C-42BE-AC45-8EA48D2F99FF}.Debug|x86.Build.0 = Debug|Any CPU
		{73881260-F37C-42BE-AC45-8EA48D2F99FF}.Release_Android|Any CPU.ActiveCfg = Release|Any CPU
		{73881260-F37C-42BE-AC45-8EA48D2F99FF}.Release_Android|Any CPU.Build.0 = Release|Any CPU
		{73881260-F37C-42BE-AC45-8EA48D2F99FF}.Release_Android|ARM.ActiveCfg = Release|Any CPU
		{73881260-F37C-42BE-AC45-8EA48D2F99FF}.Release_Android|ARM.Build.0 = Release|Any CPU
		{73881260-F37C-42BE-AC45-8EA48D2F99FF}.Release_Android|iPhone.ActiveCfg = Release|Any CPU
		{73881260-F37C-42BE-AC45-8EA48D2F99FF}.Release_Android|iPhone.Build.0 = Release|Any CPU
		{73881260-F37C-42BE-AC45-8EA48D2F99FF}.Release_Android|iPhoneSimulator.ActiveCfg = Release|Any CPU
		{73881260-F37C-42BE-AC45-8EA48D2F99FF}.Release_Android|iPhoneSimulator.Build.0 = Release|Any CPU
		{73881260-F37C-42BE-AC45-8EA48D2F99FF}.Release_Android|x64.ActiveCfg = Release|Any CPU
		{73881260-F37C-42BE-AC45-8EA48D2F99FF}.Release_Android|x64.Build.0 = Release|Any CPU
		{73881260-F37C-42BE-AC45-8EA48D2F99FF}.Release_Android|x86.ActiveCfg = Release|Any CPU
		{73881260-F37C-42BE-AC45-8EA48D2F99FF}.Release_Android|x86.Build.0 = Release|Any CPU
		{73881260-F37C-42BE-AC45-8EA48D2F99FF}.Release|Any CPU.ActiveCfg = Release|Any CPU
		{73881260-F37C-42BE-AC45-8EA48D2F99FF}.Release|Any CPU.Build.0 = Release|Any CPU
		{73881260-F37C-42BE-AC45-8EA48D2F99FF}.Release|ARM.ActiveCfg = Release|Any CPU
		{73881260-F37C-42BE-AC45-8EA48D2F99FF}.Release|ARM.Build.0 = Release|Any CPU
		{73881260-F37C-42BE-AC45-8EA48D2F99FF}.Release|iPhone.ActiveCfg = Release|Any CPU
		{73881260-F37C-42BE-AC45-8EA48D2F99FF}.Release|iPhone.Build.0 = Release|Any CPU
		{73881260-F37C-42BE-AC45-8EA48D2F99FF}.Release|iPhoneSimulator.ActiveCfg = Release|Any CPU
		{73881260-F37C-42BE-AC45-8EA48D2F99FF}.Release|iPhoneSimulator.Build.0 = Release|Any CPU
		{73881260-F37C-42BE-AC45-8EA48D2F99FF}.Release|x64.ActiveCfg = Release|Any CPU
		{73881260-F37C-42BE-AC45-8EA48D2F99FF}.Release|x64.Build.0 = Release|Any CPU
		{73881260-F37C-42BE-AC45-8EA48D2F99FF}.Release|x86.ActiveCfg = Release|Any CPU
		{73881260-F37C-42BE-AC45-8EA48D2F99FF}.Release|x86.Build.0 = Release|Any CPU
		{91F3B4CB-4187-4680-B494-D17E046AE73C}.Debug_Android|Any CPU.ActiveCfg = Debug|Any CPU
		{91F3B4CB-4187-4680-B494-D17E046AE73C}.Debug_Android|Any CPU.Build.0 = Debug|Any CPU
		{91F3B4CB-4187-4680-B494-D17E046AE73C}.Debug_Android|Any CPU.Deploy.0 = Debug|Any CPU
		{91F3B4CB-4187-4680-B494-D17E046AE73C}.Debug_Android|ARM.ActiveCfg = Debug|Any CPU
		{91F3B4CB-4187-4680-B494-D17E046AE73C}.Debug_Android|ARM.Build.0 = Debug|Any CPU
		{91F3B4CB-4187-4680-B494-D17E046AE73C}.Debug_Android|ARM.Deploy.0 = Debug|Any CPU
		{91F3B4CB-4187-4680-B494-D17E046AE73C}.Debug_Android|iPhone.ActiveCfg = Debug|Any CPU
		{91F3B4CB-4187-4680-B494-D17E046AE73C}.Debug_Android|iPhone.Build.0 = Debug|Any CPU
		{91F3B4CB-4187-4680-B494-D17E046AE73C}.Debug_Android|iPhone.Deploy.0 = Debug|Any CPU
		{91F3B4CB-4187-4680-B494-D17E046AE73C}.Debug_Android|iPhoneSimulator.ActiveCfg = Debug|Any CPU
		{91F3B4CB-4187-4680-B494-D17E046AE73C}.Debug_Android|iPhoneSimulator.Build.0 = Debug|Any CPU
		{91F3B4CB-4187-4680-B494-D17E046AE73C}.Debug_Android|iPhoneSimulator.Deploy.0 = Debug|Any CPU
		{91F3B4CB-4187-4680-B494-D17E046AE73C}.Debug_Android|x64.ActiveCfg = Debug|Any CPU
		{91F3B4CB-4187-4680-B494-D17E046AE73C}.Debug_Android|x64.Build.0 = Debug|Any CPU
		{91F3B4CB-4187-4680-B494-D17E046AE73C}.Debug_Android|x64.Deploy.0 = Debug|Any CPU
		{91F3B4CB-4187-4680-B494-D17E046AE73C}.Debug_Android|x86.ActiveCfg = Debug|Any CPU
		{91F3B4CB-4187-4680-B494-D17E046AE73C}.Debug_Android|x86.Build.0 = Debug|Any CPU
		{91F3B4CB-4187-4680-B494-D17E046AE73C}.Debug_Android|x86.Deploy.0 = Debug|Any CPU
		{91F3B4CB-4187-4680-B494-D17E046AE73C}.Debug|Any CPU.ActiveCfg = Debug|Any CPU
		{91F3B4CB-4187-4680-B494-D17E046AE73C}.Debug|Any CPU.Build.0 = Debug|Any CPU
		{91F3B4CB-4187-4680-B494-D17E046AE73C}.Debug|Any CPU.Deploy.0 = Debug|Any CPU
		{91F3B4CB-4187-4680-B494-D17E046AE73C}.Debug|ARM.ActiveCfg = Debug|Any CPU
		{91F3B4CB-4187-4680-B494-D17E046AE73C}.Debug|ARM.Build.0 = Debug|Any CPU
		{91F3B4CB-4187-4680-B494-D17E046AE73C}.Debug|ARM.Deploy.0 = Debug|Any CPU
		{91F3B4CB-4187-4680-B494-D17E046AE73C}.Debug|iPhone.ActiveCfg = Debug|Any CPU
		{91F3B4CB-4187-4680-B494-D17E046AE73C}.Debug|iPhone.Build.0 = Debug|Any CPU
		{91F3B4CB-4187-4680-B494-D17E046AE73C}.Debug|iPhone.Deploy.0 = Debug|Any CPU
		{91F3B4CB-4187-4680-B494-D17E046AE73C}.Debug|iPhoneSimulator.ActiveCfg = Debug|Any CPU
		{91F3B4CB-4187-4680-B494-D17E046AE73C}.Debug|iPhoneSimulator.Build.0 = Debug|Any CPU
		{91F3B4CB-4187-4680-B494-D17E046AE73C}.Debug|iPhoneSimulator.Deploy.0 = Debug|Any CPU
		{91F3B4CB-4187-4680-B494-D17E046AE73C}.Debug|x64.ActiveCfg = Debug|Any CPU
		{91F3B4CB-4187-4680-B494-D17E046AE73C}.Debug|x64.Build.0 = Debug|Any CPU
		{91F3B4CB-4187-4680-B494-D17E046AE73C}.Debug|x64.Deploy.0 = Debug|Any CPU
		{91F3B4CB-4187-4680-B494-D17E046AE73C}.Debug|x86.ActiveCfg = Debug|Any CPU
		{91F3B4CB-4187-4680-B494-D17E046AE73C}.Debug|x86.Build.0 = Debug|Any CPU
		{91F3B4CB-4187-4680-B494-D17E046AE73C}.Debug|x86.Deploy.0 = Debug|Any CPU
		{91F3B4CB-4187-4680-B494-D17E046AE73C}.Release_Android|Any CPU.ActiveCfg = Release|Any CPU
		{91F3B4CB-4187-4680-B494-D17E046AE73C}.Release_Android|Any CPU.Build.0 = Release|Any CPU
		{91F3B4CB-4187-4680-B494-D17E046AE73C}.Release_Android|Any CPU.Deploy.0 = Release|Any CPU
		{91F3B4CB-4187-4680-B494-D17E046AE73C}.Release_Android|ARM.ActiveCfg = Release|Any CPU
		{91F3B4CB-4187-4680-B494-D17E046AE73C}.Release_Android|ARM.Build.0 = Release|Any CPU
		{91F3B4CB-4187-4680-B494-D17E046AE73C}.Release_Android|ARM.Deploy.0 = Release|Any CPU
		{91F3B4CB-4187-4680-B494-D17E046AE73C}.Release_Android|iPhone.ActiveCfg = Release|Any CPU
		{91F3B4CB-4187-4680-B494-D17E046AE73C}.Release_Android|iPhone.Build.0 = Release|Any CPU
		{91F3B4CB-4187-4680-B494-D17E046AE73C}.Release_Android|iPhone.Deploy.0 = Release|Any CPU
		{91F3B4CB-4187-4680-B494-D17E046AE73C}.Release_Android|iPhoneSimulator.ActiveCfg = Release|Any CPU
		{91F3B4CB-4187-4680-B494-D17E046AE73C}.Release_Android|iPhoneSimulator.Build.0 = Release|Any CPU
		{91F3B4CB-4187-4680-B494-D17E046AE73C}.Release_Android|iPhoneSimulator.Deploy.0 = Release|Any CPU
		{91F3B4CB-4187-4680-B494-D17E046AE73C}.Release_Android|x64.ActiveCfg = Release|Any CPU
		{91F3B4CB-4187-4680-B494-D17E046AE73C}.Release_Android|x64.Build.0 = Release|Any CPU
		{91F3B4CB-4187-4680-B494-D17E046AE73C}.Release_Android|x64.Deploy.0 = Release|Any CPU
		{91F3B4CB-4187-4680-B494-D17E046AE73C}.Release_Android|x86.ActiveCfg = Release|Any CPU
		{91F3B4CB-4187-4680-B494-D17E046AE73C}.Release_Android|x86.Build.0 = Release|Any CPU
		{91F3B4CB-4187-4680-B494-D17E046AE73C}.Release_Android|x86.Deploy.0 = Release|Any CPU
		{91F3B4CB-4187-4680-B494-D17E046AE73C}.Release|Any CPU.ActiveCfg = Release|Any CPU
		{91F3B4CB-4187-4680-B494-D17E046AE73C}.Release|Any CPU.Build.0 = Release|Any CPU
		{91F3B4CB-4187-4680-B494-D17E046AE73C}.Release|Any CPU.Deploy.0 = Release|Any CPU
		{91F3B4CB-4187-4680-B494-D17E046AE73C}.Release|ARM.ActiveCfg = Release|Any CPU
		{91F3B4CB-4187-4680-B494-D17E046AE73C}.Release|ARM.Build.0 = Release|Any CPU
		{91F3B4CB-4187-4680-B494-D17E046AE73C}.Release|ARM.Deploy.0 = Release|Any CPU
		{91F3B4CB-4187-4680-B494-D17E046AE73C}.Release|iPhone.ActiveCfg = Release|Any CPU
		{91F3B4CB-4187-4680-B494-D17E046AE73C}.Release|iPhone.Build.0 = Release|Any CPU
		{91F3B4CB-4187-4680-B494-D17E046AE73C}.Release|iPhone.Deploy.0 = Release|Any CPU
		{91F3B4CB-4187-4680-B494-D17E046AE73C}.Release|iPhoneSimulator.ActiveCfg = Release|Any CPU
		{91F3B4CB-4187-4680-B494-D17E046AE73C}.Release|iPhoneSimulator.Build.0 = Release|Any CPU
		{91F3B4CB-4187-4680-B494-D17E046AE73C}.Release|iPhoneSimulator.Deploy.0 = Release|Any CPU
		{91F3B4CB-4187-4680-B494-D17E046AE73C}.Release|x64.ActiveCfg = Release|Any CPU
		{91F3B4CB-4187-4680-B494-D17E046AE73C}.Release|x64.Build.0 = Release|Any CPU
		{91F3B4CB-4187-4680-B494-D17E046AE73C}.Release|x64.Deploy.0 = Release|Any CPU
		{91F3B4CB-4187-4680-B494-D17E046AE73C}.Release|x86.ActiveCfg = Release|Any CPU
		{91F3B4CB-4187-4680-B494-D17E046AE73C}.Release|x86.Build.0 = Release|Any CPU
		{91F3B4CB-4187-4680-B494-D17E046AE73C}.Release|x86.Deploy.0 = Release|Any CPU
		{B30D38E5-4C76-49A0-B470-D36E971CE26E}.Debug_Android|Any CPU.ActiveCfg = Debug|iPhoneSimulator
		{B30D38E5-4C76-49A0-B470-D36E971CE26E}.Debug_Android|Any CPU.Build.0 = Debug|iPhoneSimulator
		{B30D38E5-4C76-49A0-B470-D36E971CE26E}.Debug_Android|ARM.ActiveCfg = Debug|iPhoneSimulator
		{B30D38E5-4C76-49A0-B470-D36E971CE26E}.Debug_Android|ARM.Build.0 = Debug|iPhoneSimulator
		{B30D38E5-4C76-49A0-B470-D36E971CE26E}.Debug_Android|iPhone.ActiveCfg = Debug|iPhone
		{B30D38E5-4C76-49A0-B470-D36E971CE26E}.Debug_Android|iPhone.Build.0 = Debug|iPhone
		{B30D38E5-4C76-49A0-B470-D36E971CE26E}.Debug_Android|iPhoneSimulator.ActiveCfg = Debug|iPhoneSimulator
		{B30D38E5-4C76-49A0-B470-D36E971CE26E}.Debug_Android|iPhoneSimulator.Build.0 = Debug|iPhoneSimulator
		{B30D38E5-4C76-49A0-B470-D36E971CE26E}.Debug_Android|x64.ActiveCfg = Debug|iPhoneSimulator
		{B30D38E5-4C76-49A0-B470-D36E971CE26E}.Debug_Android|x64.Build.0 = Debug|iPhoneSimulator
		{B30D38E5-4C76-49A0-B470-D36E971CE26E}.Debug_Android|x86.ActiveCfg = Debug|iPhoneSimulator
		{B30D38E5-4C76-49A0-B470-D36E971CE26E}.Debug_Android|x86.Build.0 = Debug|iPhoneSimulator
		{B30D38E5-4C76-49A0-B470-D36E971CE26E}.Debug|Any CPU.ActiveCfg = Debug|iPhoneSimulator
		{B30D38E5-4C76-49A0-B470-D36E971CE26E}.Debug|ARM.ActiveCfg = Debug|iPhoneSimulator
		{B30D38E5-4C76-49A0-B470-D36E971CE26E}.Debug|iPhone.ActiveCfg = Debug|iPhone
		{B30D38E5-4C76-49A0-B470-D36E971CE26E}.Debug|iPhone.Build.0 = Debug|iPhone
		{B30D38E5-4C76-49A0-B470-D36E971CE26E}.Debug|iPhoneSimulator.ActiveCfg = Debug|iPhoneSimulator
		{B30D38E5-4C76-49A0-B470-D36E971CE26E}.Debug|iPhoneSimulator.Build.0 = Debug|iPhoneSimulator
		{B30D38E5-4C76-49A0-B470-D36E971CE26E}.Debug|x64.ActiveCfg = Debug|iPhoneSimulator
		{B30D38E5-4C76-49A0-B470-D36E971CE26E}.Debug|x86.ActiveCfg = Debug|iPhoneSimulator
		{B30D38E5-4C76-49A0-B470-D36E971CE26E}.Release_Android|Any CPU.ActiveCfg = Debug|iPhoneSimulator
		{B30D38E5-4C76-49A0-B470-D36E971CE26E}.Release_Android|Any CPU.Build.0 = Debug|iPhoneSimulator
		{B30D38E5-4C76-49A0-B470-D36E971CE26E}.Release_Android|ARM.ActiveCfg = Debug|iPhoneSimulator
		{B30D38E5-4C76-49A0-B470-D36E971CE26E}.Release_Android|ARM.Build.0 = Debug|iPhoneSimulator
		{B30D38E5-4C76-49A0-B470-D36E971CE26E}.Release_Android|iPhone.ActiveCfg = Release|iPhone
		{B30D38E5-4C76-49A0-B470-D36E971CE26E}.Release_Android|iPhone.Build.0 = Release|iPhone
		{B30D38E5-4C76-49A0-B470-D36E971CE26E}.Release_Android|iPhoneSimulator.ActiveCfg = Release|iPhoneSimulator
		{B30D38E5-4C76-49A0-B470-D36E971CE26E}.Release_Android|iPhoneSimulator.Build.0 = Release|iPhoneSimulator
		{B30D38E5-4C76-49A0-B470-D36E971CE26E}.Release_Android|x64.ActiveCfg = Debug|iPhoneSimulator
		{B30D38E5-4C76-49A0-B470-D36E971CE26E}.Release_Android|x64.Build.0 = Debug|iPhoneSimulator
		{B30D38E5-4C76-49A0-B470-D36E971CE26E}.Release_Android|x86.ActiveCfg = Debug|iPhoneSimulator
		{B30D38E5-4C76-49A0-B470-D36E971CE26E}.Release_Android|x86.Build.0 = Debug|iPhoneSimulator
		{B30D38E5-4C76-49A0-B470-D36E971CE26E}.Release|Any CPU.ActiveCfg = Release|iPhoneSimulator
		{B30D38E5-4C76-49A0-B470-D36E971CE26E}.Release|ARM.ActiveCfg = Release|iPhoneSimulator
		{B30D38E5-4C76-49A0-B470-D36E971CE26E}.Release|iPhone.ActiveCfg = Release|iPhone
		{B30D38E5-4C76-49A0-B470-D36E971CE26E}.Release|iPhone.Build.0 = Release|iPhone
		{B30D38E5-4C76-49A0-B470-D36E971CE26E}.Release|iPhoneSimulator.ActiveCfg = Release|iPhoneSimulator
		{B30D38E5-4C76-49A0-B470-D36E971CE26E}.Release|iPhoneSimulator.Build.0 = Release|iPhoneSimulator
		{B30D38E5-4C76-49A0-B470-D36E971CE26E}.Release|x64.ActiveCfg = Release|iPhoneSimulator
		{B30D38E5-4C76-49A0-B470-D36E971CE26E}.Release|x86.ActiveCfg = Release|iPhoneSimulator
	EndGlobalSection
	GlobalSection(SolutionProperties) = preSolution
		HideSolutionNode = FALSE
	EndGlobalSection
	GlobalSection(NestedProjects) = preSolution
		{F38A2B58-0051-4E72-ADF9-9305AD4274A8} = {0B876468-F449-47FF-91DA-28A9EA053FBE}
		{3EBD76CA-8703-49A3-9A0D-6827EF43BC73} = {0B876468-F449-47FF-91DA-28A9EA053FBE}
		{AAA2A1F0-B96F-40C8-B4FE-F42149E848B5} = {0B876468-F449-47FF-91DA-28A9EA053FBE}
		{C599D787-23AD-4CF1-A47F-27E889318199} = {0B876468-F449-47FF-91DA-28A9EA053FBE}
	EndGlobalSection
	GlobalSection(ExtensibilityGlobals) = postSolution
		SolutionGuid = {E6D703C6-EE43-4814-9D5A-9AD8B17B4CA5}
	EndGlobalSection
EndGlobal
