
Microsoft Visual Studio Solution File, Format Version 12.00
# Visual Studio Version 16
VisualStudioVersion = 16.0.31613.86
MinimumVisualStudioVersion = 10.0.40219.1
Project("{9A19103F-16F7-4668-BE54-9A1E7A4F7556}") = "XFGoogleMapSample", "XFGoogleMapSample\XFGoogleMapSample.csproj", "{E5FEBCA7-6127-4002-B7B3-3EE4CC362B25}"
EndProject
Project("{FAE04EC0-301F-11D3-BF4B-00C04F79EFBC}") = "XFGoogleMapSample.Droid", "Droid\XFGoogleMapSample.Droid.csproj", "{A931BE17-CE63-48CF-8EB0-C29E16AB658C}"
EndProject
Project("{FAE04EC0-301F-11D3-BF4B-00C04F79EFBC}") = "XFGoogleMapSample.iOS", "iOS\XFGoogleMapSample.iOS.csproj", "{998D7BC0-1D6D-4ED4-95DD-783B833E3805}"
EndProject
Project("{2150E333-8FDC-42A3-9474-1A3956D46DE8}") = "Libraries", "Libraries", "{0B876468-F449-47FF-91DA-28A9EA053FBE}"
EndProject
Project("{FAE04EC0-301F-11D3-BF4B-00C04F79EFBC}") = "Xamarin.Forms.GoogleMaps.Android.Utils", "..\src\Xamarin.Forms.GoogleMaps.Android.Utils\Xamarin.Forms.GoogleMaps.Android.Utils.csproj", "{F38A2B58-0051-4E72-ADF9-9305AD4274A8}"
EndProject
Project("{9A19103F-16F7-4668-BE54-9A1E7A4F7556}") = "Xamarin.Forms.GoogleMaps.Clustering", "..\src\Xamarin.Forms.GoogleMaps.Clustering\Xamarin.Forms.GoogleMaps.Clustering.csproj", "{3EBD76CA-8703-49A3-9A0D-6827EF43BC73}"
EndProject
Project("{FAE04EC0-301F-11D3-BF4B-00C04F79EFBC}") = "Xamarin.Forms.GoogleMaps.Clustering.Android", "..\src\Xamarin.Forms.GoogleMaps.Clustering.Android\Xamarin.Forms.GoogleMaps.Clustering.Android.csproj", "{AAA2A1F0-B96F-40C8-B4FE-F42149E848B5}"
EndProject
Project("{FAE04EC0-301F-11D3-BF4B-00C04F79EFBC}") = "Xamarin.Forms.GoogleMaps.Clustering.iOS", "..\src\Xamarin.Forms.GoogleMaps.Clustering.iOS\Xamarin.Forms.GoogleMaps.Clustering.iOS.csproj", "{C599D787-23AD-4CF1-A47F-27E889318199}"
EndProject
Global
	GlobalSection(SolutionConfigurationPlatforms) = preSolution
		Debug_Android|Any CPU = Debug_Android|Any CPU
		Debug_Android|ARM = Debug_Android|ARM
		Debug_Android|iPhone = Debug_Android|iPhone
		Debug_Android|iPhoneSimulator = Debug_Android|iPhoneSimulator
		Debug_Android|x64 = Debug_Android|x64
		Debug_Android|x86 = Debug_Android|x86
		Debug|Any CPU = Debug|Any CPU
		Debug|ARM = Debug|ARM
		Debug|iPhone = Debug|iPhone
		Debug|iPhoneSimulator = Debug|iPhoneSimulator
		Debug|x64 = Debug|x64
		Debug|x86 = Debug|x86
		Release_Android|Any CPU = Release_Android|Any CPU
		Release_Android|ARM = Release_Android|ARM
		Release_Android|iPhone = Release_Android|iPhone
		Release_Android|iPhoneSimulator = Release_Android|iPhoneSimulator
		Release_Android|x64 = Release_Android|x64
		Release_Android|x86 = Release_Android|x86
		Release|Any CPU = Release|Any CPU
		Release|ARM = Release|ARM
		Release|iPhone = Release|iPhone
		Release|iPhoneSimulator = Release|iPhoneSimulator
		Release|x64 = Release|x64
		Release|x86 = Release|x86
	EndGlobalSection
	GlobalSection(ProjectConfigurationPlatforms) = postSolution
		{E5FEBCA7-6127-4002-B7B3-3EE4CC362B25}.Debug_Android|Any CPU.ActiveCfg = Debug|Any CPU
		{E5FEBCA7-6127-4002-B7B3-3EE4CC362B25}.Debug_Android|Any CPU.Build.0 = Debug|Any CPU
		{E5FEBCA7-6127-4002-B7B3-3EE4CC362B25}.Debug_Android|ARM.ActiveCfg = Debug|Any CPU
		{E5FEBCA7-6127-4002-B7B3-3EE4CC362B25}.Debug_Android|ARM.Build.0 = Debug|Any CPU
		{E5FEBCA7-6127-4002-B7B3-3EE4CC362B25}.Debug_Android|iPhone.ActiveCfg = Debug|Any CPU
		{E5FEBCA7-6127-4002-B7B3-3EE4CC362B25}.Debug_Android|iPhone.Build.0 = Debug|Any CPU
		{E5FEBCA7-6127-4002-B7B3-3EE4CC362B25}.Debug_Android|iPhoneSimulator.ActiveCfg = Debug|Any CPU
		{E5FEBCA7-6127-4002-B7B3-3EE4CC362B25}.Debug_Android|iPhoneSimulator.Build.0 = Debug|Any CPU
		{E5FEBCA7-6127-4002-B7B3-3EE4CC362B25}.Debug_Android|x64.ActiveCfg = Debug|Any CPU
		{E5FEBCA7-6127-4002-B7B3-3EE4CC362B25}.Debug_Android|x64.Build.0 = Debug|Any CPU
		{E5FEBCA7-6127-4002-B7B3-3EE4CC362B25}.Debug_Android|x86.ActiveCfg = Debug|Any CPU
		{E5FEBCA7-6127-4002-B7B3-3EE4CC362B25}.Debug_Android|x86.Build.0 = Debug|Any CPU
		{E5FEBCA7-6127-4002-B7B3-3EE4CC362B25}.Debug|Any CPU.ActiveCfg = Debug|Any CPU
		{E5FEBCA7-6127-4002-B7B3-3EE4CC362B25}.Debug|Any CPU.Build.0 = Debug|Any CPU
		{E5FEBCA7-6127-4002-B7B3-3EE4CC362B25}.Debug|ARM.ActiveCfg = Debug|Any CPU
		{E5FEBCA7-6127-4002-B7B3-3EE4CC362B25}.Debug|ARM.Build.0 = Debug|Any CPU
		{E5FEBCA7-6127-4002-B7B3-3EE4CC362B25}.Debug|iPhone.ActiveCfg = Debug|Any CPU
		{E5FEBCA7-6127-4002-B7B3-3EE4CC362B25}.Debug|iPhone.Build.0 = Debug|Any CPU
		{E5FEBCA7-6127-4002-B7B3-3EE4CC362B25}.Debug|iPhoneSimulator.ActiveCfg = Debug|Any CPU
		{E5FEBCA7-6127-4002-B7B3-3EE4CC362B25}.Debug|iPhoneSimulator.Build.0 = Debug|Any CPU
		{E5FEBCA7-6127-4002-B7B3-3EE4CC362B25}.Debug|x64.ActiveCfg = Debug|Any CPU
		{E5FEBCA7-6127-4002-B7B3-3EE4CC362B25}.Debug|x64.Build.0 = Debug|Any CPU
		{E5FEBCA7-6127-4002-B7B3-3EE4CC362B25}.Debug|x86.ActiveCfg = Debug|Any CPU
		{E5FEBCA7-6127-4002-B7B3-3EE4CC362B25}.Debug|x86.Build.0 = Debug|Any CPU
		{E5FEBCA7-6127-4002-B7B3-3EE4CC362B25}.Release_Android|Any CPU.ActiveCfg = Release|Any CPU
		{E5FEBCA7-6127-4002-B7B3-3EE4CC362B25}.Release_Android|Any CPU.Build.0 = Release|Any CPU
		{E5FEBCA7-6127-4002-B7B3-3EE4CC362B25}.Release_Android|ARM.ActiveCfg = Release|Any CPU
		{E5FEBCA7-6127-4002-B7B3-3EE4CC362B25}.Release_Android|ARM.Build.0 = Release|Any CPU
		{E5FEBCA7-6127-4002-B7B3-3EE4CC362B25}.Release_Android|iPhone.ActiveCfg = Release|Any CPU
		{E5FEBCA7-6127-4002-B7B3-3EE4CC362B25}.Release_Android|iPhone.Build.0 = Release|Any CPU
		{E5FEBCA7-6127-4002-B7B3-3EE4CC362B25}.Release_Android|iPhoneSimulator.ActiveCfg = Release|Any CPU
		{E5FEBCA7-6127-4002-B7B3-3EE4CC362B25}.Release_Android|iPhoneSimulator.Build.0 = Release|Any CPU
		{E5FEBCA7-6127-4002-B7B3-3EE4CC362B25}.Release_Android|x64.ActiveCfg = Release|Any CPU
		{E5FEBCA7-6127-4002-B7B3-3EE4CC362B25}.Release_Android|x64.Build.0 = Release|Any CPU
		{E5FEBCA7-6127-4002-B7B3-3EE4CC362B25}.Release_Android|x86.ActiveCfg = Release|Any CPU
		{E5FEBCA7-6127-4002-B7B3-3EE4CC362B25}.Release_Android|x86.Build.0 = Release|Any CPU
		{E5FEBCA7-6127-4002-B7B3-3EE4CC362B25}.Release|Any CPU.ActiveCfg = Release|Any CPU
		{E5FEBCA7-6127-4002-B7B3-3EE4CC362B25}.Release|Any CPU.Build.0 = Release|Any CPU
		{E5FEBCA7-6127-4002-B7B3-3EE4CC362B25}.Release|ARM.ActiveCfg = Release|Any CPU
		{E5FEBCA7-6127-4002-B7B3-3EE4CC362B25}.Release|ARM.Build.0 = Release|Any CPU
		{E5FEBCA7-6127-4002-B7B3-3EE4CC362B25}.Release|iPhone.ActiveCfg = Release|Any CPU
		{E5FEBCA7-6127-4002-B7B3-3EE4CC362B25}.Release|iPhone.Build.0 = Release|Any CPU
		{E5FEBCA7-6127-4002-B7B3-3EE4CC362B25}.Release|iPhoneSimulator.ActiveCfg = Release|Any CPU
		{E5FEBCA7-6127-4002-B7B3-3EE4CC362B25}.Release|iPhoneSimulator.Build.0 = Release|Any CPU
		{E5FEBCA7-6127-4002-B7B3-3EE4CC362B25}.Release|x64.ActiveCfg = Release|Any CPU
		{E5FEBCA7-6127-4002-B7B3-3EE4CC362B25}.Release|x64.Build.0 = Release|Any CPU
		{E5FEBCA7-6127-4002-B7B3-3EE4CC362B25}.Release|x86.ActiveCfg = Release|Any CPU
		{E5FEBCA7-6127-4002-B7B3-3EE4CC362B25}.Release|x86.Build.0 = Release|Any CPU
		{A931BE17-CE63-48CF-8EB0-C29E16AB658C}.Debug_Android|Any CPU.ActiveCfg = Debug|Any CPU
		{A931BE17-CE63-48CF-8EB0-C29E16AB658C}.Debug_Android|Any CPU.Build.0 = Debug|Any CPU
		{A931BE17-CE63-48CF-8EB0-C29E16AB658C}.Debug_Android|Any CPU.Deploy.0 = Debug|Any CPU
		{A931BE17-CE63-48CF-8EB0-C29E16AB658C}.Debug_Android|ARM.ActiveCfg = Debug|Any CPU
		{A931BE17-CE63-48CF-8EB0-C29E16AB658C}.Debug_Android|ARM.Build.0 = Debug|Any CPU
		{A931BE17-CE63-48CF-8EB0-C29E16AB658C}.Debug_Android|ARM.Deploy.0 = Debug|Any CPU
		{A931BE17-CE63-48CF-8EB0-C29E16AB658C}.Debug_Android|iPhone.ActiveCfg = Debug|Any CPU
		{A931BE17-CE63-48CF-8EB0-C29E16AB658C}.Debug_Android|iPhone.Build.0 = Debug|Any CPU
		{A931BE17-CE63-48CF-8EB0-C29E16AB658C}.Debug_Android|iPhone.Deploy.0 = Debug|Any CPU
		{A931BE17-CE63-48CF-8EB0-C29E16AB658C}.Debug_Android|iPhoneSimulator.ActiveCfg = Debug|Any CPU
		{A931BE17-CE63-48CF-8EB0-C29E16AB658C}.Debug_Android|iPhoneSimulator.Build.0 = Debug|Any CPU
		{A931BE17-CE63-48CF-8EB0-C29E16AB658C}.Debug_Android|iPhoneSimulator.Deploy.0 = Debug|Any CPU
		{A931BE17-CE63-48CF-8EB0-C29E16AB658C}.Debug_Android|x64.ActiveCfg = Debug|Any CPU
		{A931BE17-CE63-48CF-8EB0-C29E16AB658C}.Debug_Android|x64.Build.0 = Debug|Any CPU
		{A931BE17-CE63-48CF-8EB0-C29E16AB658C}.Debug_Android|x64.Deploy.0 = Debug|Any CPU
		{A931BE17-CE63-48CF-8EB0-C29E16AB658C}.Debug_Android|x86.ActiveCfg = Debug|Any CPU
		{A931BE17-CE63-48CF-8EB0-C29E16AB658C}.Debug_Android|x86.Build.0 = Debug|Any CPU
		{A931BE17-CE63-48CF-8EB0-C29E16AB658C}.Debug_Android|x86.Deploy.0 = Debug|Any CPU
		{A931BE17-CE63-48CF-8EB0-C29E16AB658C}.Debug|Any CPU.ActiveCfg = Debug|Any CPU
		{A931BE17-CE63-48CF-8EB0-C29E16AB658C}.Debug|Any CPU.Build.0 = Debug|Any CPU
		{A931BE17-CE63-48CF-8EB0-C29E16AB658C}.Debug|ARM.ActiveCfg = Debug|Any CPU
		{A931BE17-CE63-48CF-8EB0-C29E16AB658C}.Debug|ARM.Build.0 = Debug|Any CPU
		{A931BE17-CE63-48CF-8EB0-C29E16AB658C}.Debug|ARM.Deploy.0 = Debug|Any CPU
		{A931BE17-CE63-48CF-8EB0-C29E16AB658C}.Debug|iPhone.ActiveCfg = Debug|Any CPU
		{A931BE17-CE63-48CF-8EB0-C29E16AB658C}.Debug|iPhone.Build.0 = Debug|Any CPU
		{A931BE17-CE63-48CF-8EB0-C29E16AB658C}.Debug|iPhoneSimulator.ActiveCfg = Debug|Any CPU
		{A931BE17-CE63-48CF-8EB0-C29E16AB658C}.Debug|x64.ActiveCfg = Debug|Any CPU
		{A931BE17-CE63-48CF-8EB0-C29E16AB658C}.Debug|x64.Build.0 = Debug|Any CPU
		{A931BE17-CE63-48CF-8EB0-C29E16AB658C}.Debug|x64.Deploy.0 = Debug|Any CPU
		{A931BE17-CE63-48CF-8EB0-C29E16AB658C}.Debug|x86.ActiveCfg = Debug|Any CPU
		{A931BE17-CE63-48CF-8EB0-C29E16AB658C}.Debug|x86.Build.0 = Debug|Any CPU
		{A931BE17-CE63-48CF-8EB0-C29E16AB658C}.Debug|x86.Deploy.0 = Debug|Any CPU
		{A931BE17-CE63-48CF-8EB0-C29E16AB658C}.Release_Android|Any CPU.ActiveCfg = Release|Any CPU
		{A931BE17-CE63-48CF-8EB0-C29E16AB658C}.Release_Android|Any CPU.Build.0 = Release|Any CPU
		{A931BE17-CE63-48CF-8EB0-C29E16AB658C}.Release_Android|ARM.ActiveCfg = Release|Any CPU
		{A931BE17-CE63-48CF-8EB0-C29E16AB658C}.Release_Android|ARM.Build.0 = Release|Any CPU
		{A931BE17-CE63-48CF-8EB0-C29E16AB658C}.Release_Android|ARM.Deploy.0 = Release|Any CPU
		{A931BE17-CE63-48CF-8EB0-C29E16AB658C}.Release_Android|iPhone.ActiveCfg = Release|Any CPU
		{A931BE17-CE63-48CF-8EB0-C29E16AB658C}.Release_Android|iPhone.Build.0 = Release|Any CPU
		{A931BE17-CE63-48CF-8EB0-C29E16AB658C}.Release_Android|iPhone.Deploy.0 = Release|Any CPU
		{A931BE17-CE63-48CF-8EB0-C29E16AB658C}.Release_Android|iPhoneSimulator.ActiveCfg = Release|Any CPU
		{A931BE17-CE63-48CF-8EB0-C29E16AB658C}.Release_Android|iPhoneSimulator.Build.0 = Release|Any CPU
		{A931BE17-CE63-48CF-8EB0-C29E16AB658C}.Release_Android|iPhoneSimulator.Deploy.0 = Release|Any CPU
		{A931BE17-CE63-48CF-8EB0-C29E16AB658C}.Release_Android|x64.ActiveCfg = Release|Any CPU
		{A931BE17-CE63-48CF-8EB0-C29E16AB658C}.Release_Android|x64.Build.0 = Release|Any CPU
		{A931BE17-CE63-48CF-8EB0-C29E16AB658C}.Release_Android|x64.Deploy.0 = Release|Any CPU
		{A931BE17-CE63-48CF-8EB0-C29E16AB658C}.Release_Android|x86.ActiveCfg = Release|Any CPU
		{A931BE17-CE63-48CF-8EB0-C29E16AB658C}.Release_Android|x86.Build.0 = Release|Any CPU
		{A931BE17-CE63-48CF-8EB0-C29E16AB658C}.Release_Android|x86.Deploy.0 = Release|Any CPU
		{A931BE17-CE63-48CF-8EB0-C29E16AB658C}.Release|Any CPU.ActiveCfg = Release|Any CPU
		{A931BE17-CE63-48CF-8EB0-C29E16AB658C}.Release|Any CPU.Build.0 = Release|Any CPU
		{A931BE17-CE63-48CF-8EB0-C29E16AB658C}.Release|ARM.ActiveCfg = Release|Any CPU
		{A931BE17-CE63-48CF-8EB0-C29E16AB658C}.Release|ARM.Build.0 = Release|Any CPU
		{A931BE17-CE63-48CF-8EB0-C29E16AB658C}.Release|ARM.Deploy.0 = Release|Any CPU
		{A931BE17-CE63-48CF-8EB0-C29E16AB658C}.Release|iPhone.ActiveCfg = Release|Any CPU
		{A931BE17-CE63-48CF-8EB0-C29E16AB658C}.Release|iPhoneSimulator.ActiveCfg = Release|Any CPU
		{A931BE17-CE63-48CF-8EB0-C29E16AB658C}.Release|iPhoneSimulator.Build.0 = Release|Any CPU
		{A931BE17-CE63-48CF-8EB0-C29E16AB658C}.Release|x64.ActiveCfg = Release|Any CPU
		{A931BE17-CE63-48CF-8EB0-C29E16AB658C}.Release|x64.Build.0 = Release|Any CPU
		{A931BE17-CE63-48CF-8EB0-C29E16AB658C}.Release|x64.Deploy.0 = Release|Any CPU
		{A931BE17-CE63-48CF-8EB0-C29E16AB658C}.Release|x86.ActiveCfg = Release|Any CPU
		{A931BE17-CE63-48CF-8EB0-C29E16AB658C}.Release|x86.Build.0 = Release|Any CPU
		{A931BE17-CE63-48CF-8EB0-C29E16AB658C}.Release|x86.Deploy.0 = Release|Any CPU
		{998D7BC0-1D6D-4ED4-95DD-783B833E3805}.Debug_Android|Any CPU.ActiveCfg = Debug_Android|Any CPU
		{998D7BC0-1D6D-4ED4-95DD-783B833E3805}.Debug_Android|Any CPU.Build.0 = Debug_Android|Any CPU
		{998D7BC0-1D6D-4ED4-95DD-783B833E3805}.Debug_Android|ARM.ActiveCfg = Debug_Android|Any CPU
		{998D7BC0-1D6D-4ED4-95DD-783B833E3805}.Debug_Android|ARM.Build.0 = Debug_Android|Any CPU
		{998D7BC0-1D6D-4ED4-95DD-783B833E3805}.Debug_Android|iPhone.ActiveCfg = Debug_Android|iPhone
		{998D7BC0-1D6D-4ED4-95DD-783B833E3805}.Debug_Android|iPhone.Build.0 = Debug_Android|iPhone
		{998D7BC0-1D6D-4ED4-95DD-783B833E3805}.Debug_Android|iPhoneSimulator.ActiveCfg = Debug_Android|iPhoneSimulator
		{998D7BC0-1D6D-4ED4-95DD-783B833E3805}.Debug_Android|iPhoneSimulator.Build.0 = Debug_Android|iPhoneSimulator
		{998D7BC0-1D6D-4ED4-95DD-783B833E3805}.Debug_Android|x64.ActiveCfg = Debug_Android|Any CPU
		{998D7BC0-1D6D-4ED4-95DD-783B833E3805}.Debug_Android|x64.Build.0 = Debug_Android|Any CPU
		{998D7BC0-1D6D-4ED4-95DD-783B833E3805}.Debug_Android|x86.ActiveCfg = Debug_Android|Any CPU
		{998D7BC0-1D6D-4ED4-95DD-783B833E3805}.Debug_Android|x86.Build.0 = Debug_Android|Any CPU
		{998D7BC0-1D6D-4ED4-95DD-783B833E3805}.Debug|Any CPU.ActiveCfg = Debug|Any CPU
		{998D7BC0-1D6D-4ED4-95DD-783B833E3805}.Debug|Any CPU.Build.0 = Debug|Any CPU
		{998D7BC0-1D6D-4ED4-95DD-783B833E3805}.Debug|ARM.ActiveCfg = Debug|Any CPU
		{998D7BC0-1D6D-4ED4-95DD-783B833E3805}.Debug|ARM.Build.0 = Debug|Any CPU
		{998D7BC0-1D6D-4ED4-95DD-783B833E3805}.Debug|iPhone.ActiveCfg = Debug|iPhone
		{998D7BC0-1D6D-4ED4-95DD-783B833E3805}.Debug|iPhone.Build.0 = Debug|iPhone
		{998D7BC0-1D6D-4ED4-95DD-783B833E3805}.Debug|iPhoneSimulator.ActiveCfg = Debug|iPhoneSimulator
		{998D7BC0-1D6D-4ED4-95DD-783B833E3805}.Debug|iPhoneSimulator.Build.0 = Debug|iPhoneSimulator
		{998D7BC0-1D6D-4ED4-95DD-783B833E3805}.Debug|x64.ActiveCfg = Debug|Any CPU
		{998D7BC0-1D6D-4ED4-95DD-783B833E3805}.Debug|x64.Build.0 = Debug|Any CPU
		{998D7BC0-1D6D-4ED4-95DD-783B833E3805}.Debug|x86.ActiveCfg = Debug|Any CPU
		{998D7BC0-1D6D-4ED4-95DD-783B833E3805}.Debug|x86.Build.0 = Debug|Any CPU
		{998D7BC0-1D6D-4ED4-95DD-783B833E3805}.Release_Android|Any CPU.ActiveCfg = Release_Android|Any CPU
		{998D7BC0-1D6D-4ED4-95DD-783B833E3805}.Release_Android|Any CPU.Build.0 = Release_Android|Any CPU
		{998D7BC0-1D6D-4ED4-95DD-783B833E3805}.Release_Android|ARM.ActiveCfg = Release_Android|Any CPU
		{998D7BC0-1D6D-4ED4-95DD-783B833E3805}.Release_Android|ARM.Build.0 = Release_Android|Any CPU
		{998D7BC0-1D6D-4ED4-95DD-783B833E3805}.Release_Android|iPhone.ActiveCfg = Release_Android|iPhone
		{998D7BC0-1D6D-4ED4-95DD-783B833E3805}.Release_Android|iPhone.Build.0 = Release_Android|iPhone
		{998D7BC0-1D6D-4ED4-95DD-783B833E3805}.Release_Android|iPhoneSimulator.ActiveCfg = Release_Android|iPhoneSimulator
		{998D7BC0-1D6D-4ED4-95DD-783B833E3805}.Release_Android|iPhoneSimulator.Build.0 = Release_Android|iPhoneSimulator
		{998D7BC0-1D6D-4ED4-95DD-783B833E3805}.Release_Android|x64.ActiveCfg = Release_Android|Any CPU
		{998D7BC0-1D6D-4ED4-95DD-783B833E3805}.Release_Android|x64.Build.0 = Release_Android|Any CPU
		{998D7BC0-1D6D-4ED4-95DD-783B833E3805}.Release_Android|x86.ActiveCfg = Release_Android|Any CPU
		{998D7BC0-1D6D-4ED4-95DD-783B833E3805}.Release_Android|x86.Build.0 = Release_Android|Any CPU
		{998D7BC0-1D6D-4ED4-95DD-783B833E3805}.Release|Any CPU.ActiveCfg = Release|Any CPU
		{998D7BC0-1D6D-4ED4-95DD-783B833E3805}.Release|Any CPU.Build.0 = Release|Any CPU
		{998D7BC0-1D6D-4ED4-95DD-783B833E3805}.Release|ARM.ActiveCfg = Release|Any CPU
		{998D7BC0-1D6D-4ED4-95DD-783B833E3805}.Release|ARM.Build.0 = Release|Any CPU
		{998D7BC0-1D6D-4ED4-95DD-783B833E3805}.Release|iPhone.ActiveCfg = Release|iPhone
		{998D7BC0-1D6D-4ED4-95DD-783B833E3805}.Release|iPhone.Build.0 = Release|iPhone
		{998D7BC0-1D6D-4ED4-95DD-783B833E3805}.Release|iPhoneSimulator.ActiveCfg = Release|iPhoneSimulator
		{998D7BC0-1D6D-4ED4-95DD-783B833E3805}.Release|iPhoneSimulator.Build.0 = Release|iPhoneSimulator
		{998D7BC0-1D6D-4ED4-95DD-783B833E3805}.Release|x64.ActiveCfg = Release|Any CPU
		{998D7BC0-1D6D-4ED4-95DD-783B833E3805}.Release|x64.Build.0 = Release|Any CPU
		{998D7BC0-1D6D-4ED4-95DD-783B833E3805}.Release|x86.ActiveCfg = Release|Any CPU
		{998D7BC0-1D6D-4ED4-95DD-783B833E3805}.Release|x86.Build.0 = Release|Any CPU
		{F38A2B58-0051-4E72-ADF9-9305AD4274A8}.Debug_Android|Any CPU.ActiveCfg = Debug|Any CPU
		{F38A2B58-0051-4E72-ADF9-9305AD4274A8}.Debug_Android|Any CPU.Build.0 = Debug|Any CPU
		{F38A2B58-0051-4E72-ADF9-9305AD4274A8}.Debug_Android|ARM.ActiveCfg = Debug|Any CPU
		{F38A2B58-0051-4E72-ADF9-9305AD4274A8}.Debug_Android|ARM.Build.0 = Debug|Any CPU
		{F38A2B58-0051-4E72-ADF9-9305AD4274A8}.Debug_Android|iPhone.ActiveCfg = Debug|Any CPU
		{F38A2B58-0051-4E72-ADF9-9305AD4274A8}.Debug_Android|iPhone.Build.0 = Debug|Any CPU
		{F38A2B58-0051-4E72-ADF9-9305AD4274A8}.Debug_Android|iPhoneSimulator.ActiveCfg = Debug|Any CPU
		{F38A2B58-0051-4E72-ADF9-9305AD4274A8}.Debug_Android|iPhoneSimulator.Build.0 = Debug|Any CPU
		{F38A2B58-0051-4E72-ADF9-9305AD4274A8}.Debug_Android|x64.ActiveCfg = Debug|Any CPU
		{F38A2B58-0051-4E72-ADF9-9305AD4274A8}.Debug_Android|x64.Build.0 = Debug|Any CPU
		{F38A2B58-0051-4E72-ADF9-9305AD4274A8}.Debug_Android|x86.ActiveCfg = Debug|Any CPU
		{F38A2B58-0051-4E72-ADF9-9305AD4274A8}.Debug_Android|x86.Build.0 = Debug|Any CPU
		{F38A2B58-0051-4E72-ADF9-9305AD4274A8}.Debug|Any CPU.ActiveCfg = Debug|Any CPU
		{F38A2B58-0051-4E72-ADF9-9305AD4274A8}.Debug|Any CPU.Build.0 = Debug|Any CPU
		{F38A2B58-0051-4E72-ADF9-9305AD4274A8}.Debug|ARM.ActiveCfg = Debug|Any CPU
		{F38A2B58-0051-4E72-ADF9-9305AD4274A8}.Debug|ARM.Build.0 = Debug|Any CPU
		{F38A2B58-0051-4E72-ADF9-9305AD4274A8}.Debug|iPhone.ActiveCfg = Debug|Any CPU
		{F38A2B58-0051-4E72-ADF9-9305AD4274A8}.Debug|iPhone.Build.0 = Debug|Any CPU
		{F38A2B58-0051-4E72-ADF9-9305AD4274A8}.Debug|iPhoneSimulator.ActiveCfg = Debug|Any CPU
		{F38A2B58-0051-4E72-ADF9-9305AD4274A8}.Debug|iPhoneSimulator.Build.0 = Debug|Any CPU
		{F38A2B58-0051-4E72-ADF9-9305AD4274A8}.Debug|x64.ActiveCfg = Debug|Any CPU
		{F38A2B58-0051-4E72-ADF9-9305AD4274A8}.Debug|x64.Build.0 = Debug|Any CPU
		{F38A2B58-0051-4E72-ADF9-9305AD4274A8}.Debug|x86.ActiveCfg = Debug|Any CPU
		{F38A2B58-0051-4E72-ADF9-9305AD4274A8}.Debug|x86.Build.0 = Debug|Any CPU
		{F38A2B58-0051-4E72-ADF9-9305AD4274A8}.Release_Android|Any CPU.ActiveCfg = Debug|Any CPU
		{F38A2B58-0051-4E72-ADF9-9305AD4274A8}.Release_Android|Any CPU.Build.0 = Debug|Any CPU
		{F38A2B58-0051-4E72-ADF9-9305AD4274A8}.Release_Android|ARM.ActiveCfg = Release|Any CPU
		{F38A2B58-0051-4E72-ADF9-9305AD4274A8}.Release_Android|ARM.Build.0 = Release|Any CPU
		{F38A2B58-0051-4E72-ADF9-9305AD4274A8}.Release_Android|iPhone.ActiveCfg = Release|Any CPU
		{F38A2B58-0051-4E72-ADF9-9305AD4274A8}.Release_Android|iPhone.Build.0 = Release|Any CPU
		{F38A2B58-0051-4E72-ADF9-9305AD4274A8}.Release_Android|iPhoneSimulator.ActiveCfg = Release|Any CPU
		{F38A2B58-0051-4E72-ADF9-9305AD4274A8}.Release_Android|iPhoneSimulator.Build.0 = Release|Any CPU
		{F38A2B58-0051-4E72-ADF9-9305AD4274A8}.Release_Android|x64.ActiveCfg = Release|Any CPU
		{F38A2B58-0051-4E72-ADF9-9305AD4274A8}.Release_Android|x64.Build.0 = Release|Any CPU
		{F38A2B58-0051-4E72-ADF9-9305AD4274A8}.Release_Android|x86.ActiveCfg = Release|Any CPU
		{F38A2B58-0051-4E72-ADF9-9305AD4274A8}.Release_Android|x86.Build.0 = Release|Any CPU
		{F38A2B58-0051-4E72-ADF9-9305AD4274A8}.Release|Any CPU.ActiveCfg = Release|Any CPU
		{F38A2B58-0051-4E72-ADF9-9305AD4274A8}.Release|Any CPU.Build.0 = Release|Any CPU
		{F38A2B58-0051-4E72-ADF9-9305AD4274A8}.Release|ARM.ActiveCfg = Release|Any CPU
		{F38A2B58-0051-4E72-ADF9-9305AD4274A8}.Release|ARM.Build.0 = Release|Any CPU
		{F38A2B58-0051-4E72-ADF9-9305AD4274A8}.Release|iPhone.ActiveCfg = Release|Any CPU
		{F38A2B58-0051-4E72-ADF9-9305AD4274A8}.Release|iPhone.Build.0 = Release|Any CPU
		{F38A2B58-0051-4E72-ADF9-9305AD4274A8}.Release|iPhoneSimulator.ActiveCfg = Release|Any CPU
		{F38A2B58-0051-4E72-ADF9-9305AD4274A8}.Release|iPhoneSimulator.Build.0 = Release|Any CPU
		{F38A2B58-0051-4E72-ADF9-9305AD4274A8}.Release|x64.ActiveCfg = Release|Any CPU
		{F38A2B58-0051-4E72-ADF9-9305AD4274A8}.Release|x64.Build.0 = Release|Any CPU
		{F38A2B58-0051-4E72-ADF9-9305AD4274A8}.Release|x86.ActiveCfg = Release|Any CPU
		{F38A2B58-0051-4E72-ADF9-9305AD4274A8}.Release|x86.Build.0 = Release|Any CPU
		{3EBD76CA-8703-49A3-9A0D-6827EF43BC73}.Debug_Android|Any CPU.ActiveCfg = Debug|Any CPU
		{3EBD76CA-8703-49A3-9A0D-6827EF43BC73}.Debug_Android|Any CPU.Build.0 = Debug|Any CPU
		{3EBD76CA-8703-49A3-9A0D-6827EF43BC73}.Debug_Android|ARM.ActiveCfg = Debug|Any CPU
		{3EBD76CA-8703-49A3-9A0D-6827EF43BC73}.Debug_Android|ARM.Build.0 = Debug|Any CPU
		{3EBD76CA-8703-49A3-9A0D-6827EF43BC73}.Debug_Android|iPhone.ActiveCfg = Debug|Any CPU
		{3EBD76CA-8703-49A3-9A0D-6827EF43BC73}.Debug_Android|iPhone.Build.0 = Debug|Any CPU
		{3EBD76CA-8703-49A3-9A0D-6827EF43BC73}.Debug_Android|iPhoneSimulator.ActiveCfg = Debug|Any CPU
		{3EBD76CA-8703-49A3-9A0D-6827EF43BC73}.Debug_Android|iPhoneSimulator.Build.0 = Debug|Any CPU
		{3EBD76CA-8703-49A3-9A0D-6827EF43BC73}.Debug_Android|x64.ActiveCfg = Debug|Any CPU
		{3EBD76CA-8703-49A3-9A0D-6827EF43BC73}.Debug_Android|x64.Build.0 = Debug|Any CPU
		{3EBD76CA-8703-49A3-9A0D-6827EF43BC73}.Debug_Android|x86.ActiveCfg = Debug|Any CPU
		{3EBD76CA-8703-49A3-9A0D-6827EF43BC73}.Debug_Android|x86.Build.0 = Debug|Any CPU
		{3EBD76CA-8703-49A3-9A0D-6827EF43BC73}.Debug|Any CPU.ActiveCfg = Debug|Any CPU
		{3EBD76CA-8703-49A3-9A0D-6827EF43BC73}.Debug|Any CPU.Build.0 = Debug|Any CPU
		{3EBD76CA-8703-49A3-9A0D-6827EF43BC73}.Debug|ARM.ActiveCfg = Debug|Any CPU
		{3EBD76CA-8703-49A3-9A0D-6827EF43BC73}.Debug|ARM.Build.0 = Debug|Any CPU
		{3EBD76CA-8703-49A3-9A0D-6827EF43BC73}.Debug|iPhone.ActiveCfg = Debug|Any CPU
		{3EBD76CA-8703-49A3-9A0D-6827EF43BC73}.Debug|iPhone.Build.0 = Debug|Any CPU
		{3EBD76CA-8703-49A3-9A0D-6827EF43BC73}.Debug|iPhoneSimulator.ActiveCfg = Debug|Any CPU
		{3EBD76CA-8703-49A3-9A0D-6827EF43BC73}.Debug|iPhoneSimulator.Build.0 = Debug|Any CPU
		{3EBD76CA-8703-49A3-9A0D-6827EF43BC73}.Debug|x64.ActiveCfg = Debug|Any CPU
		{3EBD76CA-8703-49A3-9A0D-6827EF43BC73}.Debug|x64.Build.0 = Debug|Any CPU
		{3EBD76CA-8703-49A3-9A0D-6827EF43BC73}.Debug|x86.ActiveCfg = Debug|Any CPU
		{3EBD76CA-8703-49A3-9A0D-6827EF43BC73}.Debug|x86.Build.0 = Debug|Any CPU
		{3EBD76CA-8703-49A3-9A0D-6827EF43BC73}.Release_Android|Any CPU.ActiveCfg = Debug|Any CPU
		{3EBD76CA-8703-49A3-9A0D-6827EF43BC73}.Release_Android|Any CPU.Build.0 = Debug|Any CPU
		{3EBD76CA-8703-49A3-9A0D-6827EF43BC73}.Release_Android|ARM.ActiveCfg = Release|Any CPU
		{3EBD76CA-8703-49A3-9A0D-6827EF43BC73}.Release_Android|ARM.Build.0 = Release|Any CPU
		{3EBD76CA-8703-49A3-9A0D-6827EF43BC73}.Release_Android|iPhone.ActiveCfg = Release|Any CPU
		{3EBD76CA-8703-49A3-9A0D-6827EF43BC73}.Release_Android|iPhone.Build.0 = Release|Any CPU
		{3EBD76CA-8703-49A3-9A0D-6827EF43BC73}.Release_Android|iPhoneSimulator.ActiveCfg = Release|Any CPU
		{3EBD76CA-8703-49A3-9A0D-6827EF43BC73}.Release_Android|iPhoneSimulator.Build.0 = Release|Any CPU
		{3EBD76CA-8703-49A3-9A0D-6827EF43BC73}.Release_Android|x64.ActiveCfg = Release|Any CPU
		{3EBD76CA-8703-49A3-9A0D-6827EF43BC73}.Release_Android|x64.Build.0 = Release|Any CPU
		{3EBD76CA-8703-49A3-9A0D-6827EF43BC73}.Release_Android|x86.ActiveCfg = Release|Any CPU
		{3EBD76CA-8703-49A3-9A0D-6827EF43BC73}.Release_Android|x86.Build.0 = Release|Any CPU
		{3EBD76CA-8703-49A3-9A0D-6827EF43BC73}.Release|Any CPU.ActiveCfg = Release|Any CPU
		{3EBD76CA-8703-49A3-9A0D-6827EF43BC73}.Release|Any CPU.Build.0 = Release|Any CPU
		{3EBD76CA-8703-49A3-9A0D-6827EF43BC73}.Release|ARM.ActiveCfg = Release|Any CPU
		{3EBD76CA-8703-49A3-9A0D-6827EF43BC73}.Release|ARM.Build.0 = Release|Any CPU
		{3EBD76CA-8703-49A3-9A0D-6827EF43BC73}.Release|iPhone.ActiveCfg = Release|Any CPU
		{3EBD76CA-8703-49A3-9A0D-6827EF43BC73}.Release|iPhone.Build.0 = Release|Any CPU
		{3EBD76CA-8703-49A3-9A0D-6827EF43BC73}.Release|iPhoneSimulator.ActiveCfg = Release|Any CPU
		{3EBD76CA-8703-49A3-9A0D-6827EF43BC73}.Release|iPhoneSimulator.Build.0 = Release|Any CPU
		{3EBD76CA-8703-49A3-9A0D-6827EF43BC73}.Release|x64.ActiveCfg = Release|Any CPU
		{3EBD76CA-8703-49A3-9A0D-6827EF43BC73}.Release|x64.Build.0 = Release|Any CPU
		{3EBD76CA-8703-49A3-9A0D-6827EF43BC73}.Release|x86.ActiveCfg = Release|Any CPU
		{3EBD76CA-8703-49A3-9A0D-6827EF43BC73}.Release|x86.Build.0 = Release|Any CPU
		{AAA2A1F0-B96F-40C8-B4FE-F42149E848B5}.Debug_Android|Any CPU.ActiveCfg = Debug|Any CPU
		{AAA2A1F0-B96F-40C8-B4FE-F42149E848B5}.Debug_Android|Any CPU.Build.0 = Debug|Any CPU
		{AAA2A1F0-B96F-40C8-B4FE-F42149E848B5}.Debug_Android|ARM.ActiveCfg = Debug|Any CPU
		{AAA2A1F0-B96F-40C8-B4FE-F42149E848B5}.Debug_Android|ARM.Build.0 = Debug|Any CPU
		{AAA2A1F0-B96F-40C8-B4FE-F42149E848B5}.Debug_Android|iPhone.ActiveCfg = Debug|Any CPU
		{AAA2A1F0-B96F-40C8-B4FE-F42149E848B5}.Debug_Android|iPhone.Build.0 = Debug|Any CPU
		{AAA2A1F0-B96F-40C8-B4FE-F42149E848B5}.Debug_Android|iPhoneSimulator.ActiveCfg = Debug|Any CPU
		{AAA2A1F0-B96F-40C8-B4FE-F42149E848B5}.Debug_Android|iPhoneSimulator.Build.0 = Debug|Any CPU
		{AAA2A1F0-B96F-40C8-B4FE-F42149E848B5}.Debug_Android|x64.ActiveCfg = Debug|Any CPU
		{AAA2A1F0-B96F-40C8-B4FE-F42149E848B5}.Debug_Android|x64.Build.0 = Debug|Any CPU
		{AAA2A1F0-B96F-40C8-B4FE-F42149E848B5}.Debug_Android|x86.ActiveCfg = Debug|Any CPU
		{AAA2A1F0-B96F-40C8-B4FE-F42149E848B5}.Debug_Android|x86.Build.0 = Debug|Any CPU
		{AAA2A1F0-B96F-40C8-B4FE-F42149E848B5}.Debug|Any CPU.ActiveCfg = Debug|Any CPU
		{AAA2A1F0-B96F-40C8-B4FE-F42149E848B5}.Debug|Any CPU.Build.0 = Debug|Any CPU
		{AAA2A1F0-B96F-40C8-B4FE-F42149E848B5}.Debug|ARM.ActiveCfg = Debug|Any CPU
		{AAA2A1F0-B96F-40C8-B4FE-F42149E848B5}.Debug|ARM.Build.0 = Debug|Any CPU
		{AAA2A1F0-B96F-40C8-B4FE-F42149E848B5}.Debug|iPhone.ActiveCfg = Debug|Any CPU
		{AAA2A1F0-B96F-40C8-B4FE-F42149E848B5}.Debug|iPhone.Build.0 = Debug|Any CPU
		{AAA2A1F0-B96F-40C8-B4FE-F42149E848B5}.Debug|iPhoneSimulator.ActiveCfg = Debug|Any CPU
		{AAA2A1F0-B96F-40C8-B4FE-F42149E848B5}.Debug|iPhoneSimulator.Build.0 = Debug|Any CPU
		{AAA2A1F0-B96F-40C8-B4FE-F42149E848B5}.Debug|x64.ActiveCfg = Debug|Any CPU
		{AAA2A1F0-B96F-40C8-B4FE-F42149E848B5}.Debug|x64.Build.0 = Debug|Any CPU
		{AAA2A1F0-B96F-40C8-B4FE-F42149E848B5}.Debug|x86.ActiveCfg = Debug|Any CPU
		{AAA2A1F0-B96F-40C8-B4FE-F42149E848B5}.Debug|x86.Build.0 = Debug|Any CPU
		{AAA2A1F0-B96F-40C8-B4FE-F42149E848B5}.Release_Android|Any CPU.ActiveCfg = Debug|Any CPU
		{AAA2A1F0-B96F-40C8-B4FE-F42149E848B5}.Release_Android|Any CPU.Build.0 = Debug|Any CPU
		{AAA2A1F0-B96F-40C8-B4FE-F42149E848B5}.Release_Android|ARM.ActiveCfg = Release|Any CPU
		{AAA2A1F0-B96F-40C8-B4FE-F42149E848B5}.Release_Android|ARM.Build.0 = Release|Any CPU
		{AAA2A1F0-B96F-40C8-B4FE-F42149E848B5}.Release_Android|iPhone.ActiveCfg = Release|Any CPU
		{AAA2A1F0-B96F-40C8-B4FE-F42149E848B5}.Release_Android|iPhone.Build.0 = Release|Any CPU
		{AAA2A1F0-B96F-40C8-B4FE-F42149E848B5}.Release_Android|iPhoneSimulator.ActiveCfg = Release|Any CPU
		{AAA2A1F0-B96F-40C8-B4FE-F42149E848B5}.Release_Android|iPhoneSimulator.Build.0 = Release|Any CPU
		{AAA2A1F0-B96F-40C8-B4FE-F42149E848B5}.Release_Android|x64.ActiveCfg = Release|Any CPU
		{AAA2A1F0-B96F-40C8-B4FE-F42149E848B5}.Release_Android|x64.Build.0 = Release|Any CPU
		{AAA2A1F0-B96F-40C8-B4FE-F42149E848B5}.Release_Android|x86.ActiveCfg = Release|Any CPU
		{AAA2A1F0-B96F-40C8-B4FE-F42149E848B5}.Release_Android|x86.Build.0 = Release|Any CPU
		{AAA2A1F0-B96F-40C8-B4FE-F42149E848B5}.Release|Any CPU.ActiveCfg = Release|Any CPU
		{AAA2A1F0-B96F-40C8-B4FE-F42149E848B5}.Release|Any CPU.Build.0 = Release|Any CPU
		{AAA2A1F0-B96F-40C8-B4FE-F42149E848B5}.Release|ARM.ActiveCfg = Release|Any CPU
		{AAA2A1F0-B96F-40C8-B4FE-F42149E848B5}.Release|ARM.Build.0 = Release|Any CPU
		{AAA2A1F0-B96F-40C8-B4FE-F42149E848B5}.Release|iPhone.ActiveCfg = Release|Any CPU
		{AAA2A1F0-B96F-40C8-B4FE-F42149E848B5}.Release|iPhone.Build.0 = Release|Any CPU
		{AAA2A1F0-B96F-40C8-B4FE-F42149E848B5}.Release|iPhoneSimulator.ActiveCfg = Release|Any CPU
		{AAA2A1F0-B96F-40C8-B4FE-F42149E848B5}.Release|iPhoneSimulator.Build.0 = Release|Any CPU
		{AAA2A1F0-B96F-40C8-B4FE-F42149E848B5}.Release|x64.ActiveCfg = Release|Any CPU
		{AAA2A1F0-B96F-40C8-B4FE-F42149E848B5}.Release|x64.Build.0 = Release|Any CPU
		{AAA2A1F0-B96F-40C8-B4FE-F42149E848B5}.Release|x86.ActiveCfg = Release|Any CPU
		{AAA2A1F0-B96F-40C8-B4FE-F42149E848B5}.Release|x86.Build.0 = Release|Any CPU
		{C599D787-23AD-4CF1-A47F-27E889318199}.Debug_Android|Any CPU.ActiveCfg = Debug|Any CPU
		{C599D787-23AD-4CF1-A47F-27E889318199}.Debug_Android|Any CPU.Build.0 = Debug|Any CPU
		{C599D787-23AD-4CF1-A47F-27E889318199}.Debug_Android|ARM.ActiveCfg = Debug|Any CPU
		{C599D787-23AD-4CF1-A47F-27E889318199}.Debug_Android|ARM.Build.0 = Debug|Any CPU
		{C599D787-23AD-4CF1-A47F-27E889318199}.Debug_Android|iPhone.ActiveCfg = Debug|Any CPU
		{C599D787-23AD-4CF1-A47F-27E889318199}.Debug_Android|iPhone.Build.0 = Debug|Any CPU
		{C599D787-23AD-4CF1-A47F-27E889318199}.Debug_Android|iPhoneSimulator.ActiveCfg = Debug|Any CPU
		{C599D787-23AD-4CF1-A47F-27E889318199}.Debug_Android|iPhoneSimulator.Build.0 = Debug|Any CPU
		{C599D787-23AD-4CF1-A47F-27E889318199}.Debug_Android|x64.ActiveCfg = Debug|Any CPU
		{C599D787-23AD-4CF1-A47F-27E889318199}.Debug_Android|x64.Build.0 = Debug|Any CPU
		{C599D787-23AD-4CF1-A47F-27E889318199}.Debug_Android|x86.ActiveCfg = Debug|Any CPU
		{C599D787-23AD-4CF1-A47F-27E889318199}.Debug_Android|x86.Build.0 = Debug|Any CPU
		{C599D787-23AD-4CF1-A47F-27E889318199}.Debug|Any CPU.ActiveCfg = Debug|Any CPU
		{C599D787-23AD-4CF1-A47F-27E889318199}.Debug|Any CPU.Build.0 = Debug|Any CPU
		{C599D787-23AD-4CF1-A47F-27E889318199}.Debug|ARM.ActiveCfg = Debug|Any CPU
		{C599D787-23AD-4CF1-A47F-27E889318199}.Debug|ARM.Build.0 = Debug|Any CPU
		{C599D787-23AD-4CF1-A47F-27E889318199}.Debug|iPhone.ActiveCfg = Debug|Any CPU
		{C599D787-23AD-4CF1-A47F-27E889318199}.Debug|iPhone.Build.0 = Debug|Any CPU
		{C599D787-23AD-4CF1-A47F-27E889318199}.Debug|iPhoneSimulator.ActiveCfg = Debug|Any CPU
		{C599D787-23AD-4CF1-A47F-27E889318199}.Debug|iPhoneSimulator.Build.0 = Debug|Any CPU
		{C599D787-23AD-4CF1-A47F-27E889318199}.Debug|x64.ActiveCfg = Debug|Any CPU
		{C599D787-23AD-4CF1-A47F-27E889318199}.Debug|x64.Build.0 = Debug|Any CPU
		{C599D787-23AD-4CF1-A47F-27E889318199}.Debug|x86.ActiveCfg = Debug|Any CPU
		{C599D787-23AD-4CF1-A47F-27E889318199}.Debug|x86.Build.0 = Debug|Any CPU
		{C599D787-23AD-4CF1-A47F-27E889318199}.Release_Android|Any CPU.ActiveCfg = Debug|Any CPU
		{C599D787-23AD-4CF1-A47F-27E889318199}.Release_Android|Any CPU.Build.0 = Debug|Any CPU
		{C599D787-23AD-4CF1-A47F-27E889318199}.Release_Android|ARM.ActiveCfg = Release|Any CPU
		{C599D787-23AD-4CF1-A47F-27E889318199}.Release_Android|ARM.Build.0 = Release|Any CPU
		{C599D787-23AD-4CF1-A47F-27E889318199}.Release_Android|iPhone.ActiveCfg = Release|Any CPU
		{C599D787-23AD-4CF1-A47F-27E889318199}.Release_Android|iPhone.Build.0 = Release|Any CPU
		{C599D787-23AD-4CF1-A47F-27E889318199}.Release_Android|iPhoneSimulator.ActiveCfg = Release|Any CPU
		{C599D787-23AD-4CF1-A47F-27E889318199}.Release_Android|iPhoneSimulator.Build.0 = Release|Any CPU
		{C599D787-23AD-4CF1-A47F-27E889318199}.Release_Android|x64.ActiveCfg = Release|Any CPU
		{C599D787-23AD-4CF1-A47F-27E889318199}.Release_Android|x64.Build.0 = Release|Any CPU
		{C599D787-23AD-4CF1-A47F-27E889318199}.Release_Android|x86.ActiveCfg = Release|Any CPU
		{C599D787-23AD-4CF1-A47F-27E889318199}.Release_Android|x86.Build.0 = Release|Any CPU
		{C599D787-23AD-4CF1-A47F-27E889318199}.Release|Any CPU.ActiveCfg = Release|Any CPU
		{C599D787-23AD-4CF1-A47F-27E889318199}.Release|Any CPU.Build.0 = Release|Any CPU
		{C599D787-23AD-4CF1-A47F-27E889318199}.Release|ARM.ActiveCfg = Release|Any CPU
		{C599D787-23AD-4CF1-A47F-27E889318199}.Release|ARM.Build.0 = Release|Any CPU
		{C599D787-23AD-4CF1-A47F-27E889318199}.Release|iPhone.ActiveCfg = Release|Any CPU
		{C599D787-23AD-4CF1-A47F-27E889318199}.Release|iPhone.Build.0 = Release|Any CPU
		{C599D787-23AD-4CF1-A47F-27E889318199}.Release|iPhoneSimulator.ActiveCfg = Release|Any CPU
		{C599D787-23AD-4CF1-A47F-27E889318199}.Release|iPhoneSimulator.Build.0 = Release|Any CPU
		{C599D787-23AD-4CF1-A47F-27E889318199}.Release|x64.ActiveCfg = Release|Any CPU
		{C599D787-23AD-4CF1-A47F-27E889318199}.Release|x64.Build.0 = Release|Any CPU
		{C599D787-23AD-4CF1-A47F-27E889318199}.Release|x86.ActiveCfg = Release|Any CPU
		{C599D787-23AD-4CF1-A47F-27E889318199}.Release|x86.Build.0 = Release|Any CPU
	EndGlobalSection
	GlobalSection(SolutionProperties) = preSolution
		HideSolutionNode = FALSE
	EndGlobalSection
	GlobalSection(NestedProjects) = preSolution
		{F38A2B58-0051-4E72-ADF9-9305AD4274A8} = {0B876468-F449-47FF-91DA-28A9EA053FBE}
		{3EBD76CA-8703-49A3-9A0D-6827EF43BC73} = {0B876468-F449-47FF-91DA-28A9EA053FBE}
		{AAA2A1F0-B96F-40C8-B4FE-F42149E848B5} = {0B876468-F449-47FF-91DA-28A9EA053FBE}
		{C599D787-23AD-4CF1-A47F-27E889318199} = {0B876468-F449-47FF-91DA-28A9EA053FBE}
	EndGlobalSection
	GlobalSection(ExtensibilityGlobals) = postSolution
		SolutionGuid = {E6D703C6-EE43-4814-9D5A-9AD8B17B4CA5}
	EndGlobalSection
EndGlobal
